<?xml version="1.0" encoding="UTF-8"?>
<!DOCTYPE plist PUBLIC "-//Apple//DTD PLIST 1.0//EN" "http://www.apple.com/DTDs/PropertyList-1.0.dtd">
<plist version="1.0">
<dict>
	<key>archiveVersion</key>
	<string>1</string>
	<key>classes</key>
	<dict/>
	<key>objectVersion</key>
	<string>46</string>
	<key>objects</key>
	<dict>
		<key>37B2646C0043423E8093054B</key>
		<dict>
			<key>explicitFileType</key>
			<string>archive.ar</string>
			<key>includeInIndex</key>
			<string>0</string>
			<key>isa</key>
			<string>PBXFileReference</string>
			<key>path</key>
			<string>libPods.a</string>
			<key>sourceTree</key>
			<string>BUILT_PRODUCTS_DIR</string>
		</dict>
		<key>D30482F8ADD24DFB9BAAAFC6</key>
		<dict>
			<key>fileRef</key>
			<string>37B2646C0043423E8093054B</string>
			<key>isa</key>
			<string>PBXBuildFile</string>
		</dict>
		<key>E7A8360C6337441A8304F6C2</key>
		<dict>
			<key>includeInIndex</key>
			<string>1</string>
			<key>isa</key>
			<string>PBXFileReference</string>
			<key>lastKnownFileType</key>
			<string>text.xcconfig</string>
			<key>name</key>
			<string>Pods.xcconfig</string>
			<key>path</key>
			<string>Pods/Pods.xcconfig</string>
			<key>sourceTree</key>
			<string>&lt;group&gt;</string>
		</dict>
		<key>F10492F9199329FE00605454</key>
		<dict>
			<key>isa</key>
			<string>PBXFileReference</string>
			<key>lastKnownFileType</key>

			<key>name</key>

			<key>path</key>

			<key>sourceTree</key>
			<string>SOURCE_ROOT</string>
		</dict>
		<key>F10492FA199329FE00605454</key>
		<dict>
			<key>isa</key>
			<string>PBXFileReference</string>
			<key>lastKnownFileType</key>

			<key>name</key>

			<key>path</key>

			<key>sourceTree</key>
			<string>SOURCE_ROOT</string>
		</dict>
		<key>F10492FB199329FE00605454</key>
		<dict>
			<key>isa</key>
			<string>PBXFileReference</string>
			<key>lastKnownFileType</key>

			<key>name</key>

			<key>path</key>

			<key>sourceTree</key>
			<string>SOURCE_ROOT</string>
		</dict>
		<key>F10492FC199329FE00605454</key>
		<dict>
			<key>isa</key>
			<string>PBXFileReference</string>
			<key>lastKnownFileType</key>

			<key>name</key>

			<key>path</key>

			<key>sourceTree</key>
			<string>SOURCE_ROOT</string>
		</dict>
		<key>F10492FD199329FE00605454</key>
		<dict>
			<key>isa</key>
			<string>PBXFileReference</string>
			<key>lastKnownFileType</key>

			<key>name</key>

			<key>path</key>

			<key>sourceTree</key>
			<string>SOURCE_ROOT</string>
		</dict>
		<key>F10492FE199329FE00605454</key>
		<dict>
			<key>isa</key>
			<string>PBXFileReference</string>
			<key>lastKnownFileType</key>

			<key>name</key>

			<key>path</key>

			<key>sourceTree</key>
			<string>SOURCE_ROOT</string>
		</dict>
		<key>F10492FF199329FE00605454</key>
		<dict>
			<key>fileRef</key>
			<string>F10492F9199329FE00605454</string>
			<key>isa</key>
			<string>PBXBuildFile</string>
		</dict>
		<key>F1049300199329FE00605454</key>
		<dict>
			<key>fileRef</key>
			<string>F10492FA199329FE00605454</string>
			<key>isa</key>
			<string>PBXBuildFile</string>
		</dict>
		<key>F1049301199329FE00605454</key>
		<dict>
			<key>fileRef</key>
			<string>F10492FB199329FE00605454</string>
			<key>isa</key>
			<string>PBXBuildFile</string>
		</dict>
		<key>F1049302199329FE00605454</key>
		<dict>
			<key>fileRef</key>
			<string>F10492FC199329FE00605454</string>
			<key>isa</key>
			<string>PBXBuildFile</string>
		</dict>
		<key>F1049303199329FE00605454</key>
		<dict>
			<key>fileRef</key>
			<string>F10492FD199329FE00605454</string>
			<key>isa</key>
			<string>PBXBuildFile</string>
		</dict>
		<key>F1049304199329FE00605454</key>
		<dict>
			<key>fileRef</key>
			<string>F10492FE199329FE00605454</string>
			<key>isa</key>
			<string>PBXBuildFile</string>
		</dict>
		<key>F19505EF1995CBD300A94FD1</key>
		<dict>
			<key>children</key>
			<array>
				<string>F19505F01995CBED00A94FD1</string>
				<string>F10492F9199329FE00605454</string>
				<string>F10492FA199329FE00605454</string>
				<string>F10492FB199329FE00605454</string>
				<string>F10492FC199329FE00605454</string>
				<string>F10492FD199329FE00605454</string>
				<string>F10492FE199329FE00605454</string>
			</array>
			<key>isa</key>
			<string>PBXGroup</string>
			<key>name</key>
			<string>arts</string>
			<key>sourceTree</key>
			<string>&lt;group&gt;</string>
		</dict>
		<key>F19505F01995CBED00A94FD1</key>
		<dict>
			<key>isa</key>
			<string>PBXFileReference</string>
			<key>lastKnownFileType</key>

			<key>name</key>

			<key>path</key>

			<key>sourceTree</key>
			<string>SOURCE_ROOT</string>
		</dict>
		<key>F19505F11995CBED00A94FD1</key>
		<dict>
			<key>fileRef</key>
			<string>F19505F01995CBED00A94FD1</string>
			<key>isa</key>
			<string>PBXBuildFile</string>
		</dict>
		<key>F19505F21995CD9600A94FD1</key>
		<dict>
			<key>fileEncoding</key>
			<string>4</string>
			<key>isa</key>
			<string>PBXFileReference</string>
			<key>lastKnownFileType</key>
			<string>sourcecode.c.h</string>
			<key>path</key>
			<string>BLConstants.h</string>
			<key>sourceTree</key>
			<string>&lt;group&gt;</string>
		</dict>
		<key>F19505F51995CDB800A94FD1</key>
		<dict>
			<key>fileEncoding</key>
			<string>4</string>
			<key>isa</key>
			<string>PBXFileReference</string>
			<key>lastKnownFileType</key>
			<string>sourcecode.c.h</string>
			<key>path</key>
			<string>BLStyling.h</string>
			<key>sourceTree</key>
			<string>&lt;group&gt;</string>
		</dict>
		<key>F19505F61995CDB800A94FD1</key>
		<dict>
			<key>fileEncoding</key>
			<string>4</string>
			<key>isa</key>
			<string>PBXFileReference</string>
			<key>lastKnownFileType</key>
			<string>sourcecode.c.objc</string>
			<key>path</key>
			<string>BLStyling.m</string>
			<key>sourceTree</key>
			<string>&lt;group&gt;</string>
		</dict>
		<key>F19505F71995CDB800A94FD1</key>
		<dict>
			<key>fileRef</key>
			<string>F19505F61995CDB800A94FD1</string>
			<key>isa</key>
			<string>PBXBuildFile</string>
		</dict>
		<key>F1F8B7F7198E5D9200578D91</key>
		<dict>
			<key>children</key>
			<array>
				<string>F1F8B809198E5D9300578D91</string>
				<string>F1F8B82E198E5D9300578D91</string>
				<string>F1F8B802198E5D9300578D91</string>
				<string>F1F8B801198E5D9300578D91</string>
				<string>E7A8360C6337441A8304F6C2</string>
			</array>
			<key>isa</key>
			<string>PBXGroup</string>
			<key>sourceTree</key>
			<string>&lt;group&gt;</string>
		</dict>
		<key>F1F8B7F8198E5D9200578D91</key>
		<dict>
			<key>attributes</key>
			<dict>
				<key>CLASSPREFIX</key>
				<string>BL</string>
				<key>LastUpgradeCheck</key>
				<string>0510</string>
				<key>ORGANIZATIONNAME</key>
				<string>MobWiz</string>
				<key>TargetAttributes</key>
				<dict>
					<key>F1F8B7FF198E5D9300578D91</key>
					<dict>
						<key>DevelopmentTeam</key>
						<string>QX2M8PE6QE</string>
					</dict>
					<key>F1F8B826198E5D9300578D91</key>
					<dict>
						<key>TestTargetID</key>
						<string>F1F8B7FF198E5D9300578D91</string>
					</dict>
				</dict>
			</dict>
			<key>buildConfigurationList</key>
			<string>F1F8B7FB198E5D9200578D91</string>
			<key>compatibilityVersion</key>
			<string>Xcode 3.2</string>
			<key>developmentRegion</key>
			<string>English</string>
			<key>hasScannedForEncodings</key>
			<string>0</string>
			<key>isa</key>
			<string>PBXProject</string>
			<key>knownRegions</key>
			<array>
				<string>en</string>
				<string>Base</string>
			</array>
			<key>mainGroup</key>
			<string>F1F8B7F7198E5D9200578D91</string>
			<key>productRefGroup</key>
			<string>F1F8B801198E5D9300578D91</string>
			<key>projectDirPath</key>
			<string></string>
			<key>projectReferences</key>
			<array/>
			<key>projectRoot</key>
			<string></string>
			<key>targets</key>
			<array>
				<string>F1F8B7FF198E5D9300578D91</string>
				<string>F1F8B826198E5D9300578D91</string>
			</array>
		</dict>
		<key>F1F8B7FB198E5D9200578D91</key>
		<dict>
			<key>buildConfigurations</key>
			<array>
				<string>F1F8B836198E5D9300578D91</string>
				<string>F1F8B837198E5D9300578D91</string>
			</array>
			<key>defaultConfigurationIsVisible</key>
			<string>0</string>
			<key>defaultConfigurationName</key>
			<string>Release</string>
			<key>isa</key>
			<string>XCConfigurationList</string>
		</dict>
		<key>F1F8B7FC198E5D9300578D91</key>
		<dict>
			<key>buildActionMask</key>
			<string>2147483647</string>
			<key>files</key>
			<array>
				<string>F19505F71995CDB800A94FD1</string>
				<string>F1F8B81D198E5D9300578D91</string>
				<string>F1F8B814198E5D9300578D91</string>
				<string>F1F8B810198E5D9300578D91</string>
				<string>F1F8B820198E5D9300578D91</string>
			</array>
			<key>isa</key>
			<string>PBXSourcesBuildPhase</string>
			<key>runOnlyForDeploymentPostprocessing</key>
			<string>0</string>
		</dict>
		<key>F1F8B7FD198E5D9300578D91</key>
		<dict>
			<key>buildActionMask</key>
			<string>2147483647</string>
			<key>files</key>
			<array>
				<string>F1F8B806198E5D9300578D91</string>
				<string>F1F8B808198E5D9300578D91</string>
				<string>F1F8B804198E5D9300578D91</string>
				<string>D30482F8ADD24DFB9BAAAFC6</string>
			</array>
			<key>isa</key>
			<string>PBXFrameworksBuildPhase</string>
			<key>runOnlyForDeploymentPostprocessing</key>
			<string>0</string>
		</dict>
		<key>F1F8B7FE198E5D9300578D91</key>
		<dict>
			<key>buildActionMask</key>
			<string>2147483647</string>
			<key>files</key>
			<array>
				<string>F1049301199329FE00605454</string>
				<string>F1F8B81A198E5D9300578D91</string>
				<string>F19505F11995CBED00A94FD1</string>
				<string>F1049304199329FE00605454</string>
				<string>F1F8B822198E5D9300578D91</string>
				<string>F10492FF199329FE00605454</string>
				<string>F1049300199329FE00605454</string>
				<string>F1F8B817198E5D9300578D91</string>
				<string>F1049303199329FE00605454</string>
				<string>F1049302199329FE00605454</string>
				<string>F1F8B80E198E5D9300578D91</string>
			</array>
			<key>isa</key>
			<string>PBXResourcesBuildPhase</string>
			<key>runOnlyForDeploymentPostprocessing</key>
			<string>0</string>
		</dict>
		<key>F1F8B7FF198E5D9300578D91</key>
		<dict>
			<key>buildConfigurationList</key>
			<string>F1F8B838198E5D9300578D91</string>
			<key>buildPhases</key>
			<array>
				<string>FD9B1AF2389A46DCAA41E040</string>
				<string>F1F8B7FC198E5D9300578D91</string>
				<string>F1F8B7FD198E5D9300578D91</string>
				<string>F1F8B7FE198E5D9300578D91</string>
				<string>F601F87A0D3741A4B3840CF6</string>
			</array>
			<key>buildRules</key>
			<array/>
			<key>dependencies</key>
			<array/>
			<key>isa</key>
			<string>PBXNativeTarget</string>
			<key>name</key>
			<string>brasilogos</string>
			<key>productName</key>
			<string>brasilogos</string>
			<key>productReference</key>
			<string>F1F8B800198E5D9300578D91</string>
			<key>productType</key>
			<string>com.apple.product-type.application</string>
		</dict>
		<key>F1F8B800198E5D9300578D91</key>
		<dict>
			<key>explicitFileType</key>
			<string>wrapper.application</string>
			<key>includeInIndex</key>
			<string>0</string>
			<key>isa</key>
			<string>PBXFileReference</string>
			<key>path</key>
			<string>brasilogos.app</string>
			<key>sourceTree</key>
			<string>BUILT_PRODUCTS_DIR</string>
		</dict>
		<key>F1F8B801198E5D9300578D91</key>
		<dict>
			<key>children</key>
			<array>
				<string>F1F8B800198E5D9300578D91</string>
				<string>F1F8B827198E5D9300578D91</string>
			</array>
			<key>isa</key>
			<string>PBXGroup</string>
			<key>name</key>
			<string>Products</string>
			<key>sourceTree</key>
			<string>&lt;group&gt;</string>
		</dict>
		<key>F1F8B802198E5D9300578D91</key>
		<dict>
			<key>children</key>
			<array>
				<string>F1F8B803198E5D9300578D91</string>
				<string>F1F8B805198E5D9300578D91</string>
				<string>F1F8B807198E5D9300578D91</string>
				<string>F1F8B828198E5D9300578D91</string>
				<string>37B2646C0043423E8093054B</string>
			</array>
			<key>isa</key>
			<string>PBXGroup</string>
			<key>name</key>
			<string>Frameworks</string>
			<key>sourceTree</key>
			<string>&lt;group&gt;</string>
		</dict>
		<key>F1F8B803198E5D9300578D91</key>
		<dict>
			<key>isa</key>
			<string>PBXFileReference</string>
			<key>lastKnownFileType</key>
			<string>wrapper.framework</string>
			<key>name</key>
			<string>Foundation.framework</string>
			<key>path</key>
			<string>System/Library/Frameworks/Foundation.framework</string>
			<key>sourceTree</key>
			<string>SDKROOT</string>
		</dict>
		<key>F1F8B804198E5D9300578D91</key>
		<dict>
			<key>fileRef</key>
			<string>F1F8B803198E5D9300578D91</string>
			<key>isa</key>
			<string>PBXBuildFile</string>
		</dict>
		<key>F1F8B805198E5D9300578D91</key>
		<dict>
			<key>isa</key>
			<string>PBXFileReference</string>
			<key>lastKnownFileType</key>
			<string>wrapper.framework</string>
			<key>name</key>
			<string>CoreGraphics.framework</string>
			<key>path</key>
			<string>System/Library/Frameworks/CoreGraphics.framework</string>
			<key>sourceTree</key>
			<string>SDKROOT</string>
		</dict>
		<key>F1F8B806198E5D9300578D91</key>
		<dict>
			<key>fileRef</key>
			<string>F1F8B805198E5D9300578D91</string>
			<key>isa</key>
			<string>PBXBuildFile</string>
		</dict>
		<key>F1F8B807198E5D9300578D91</key>
		<dict>
			<key>isa</key>
			<string>PBXFileReference</string>
			<key>lastKnownFileType</key>
			<string>wrapper.framework</string>
			<key>name</key>
			<string>UIKit.framework</string>
			<key>path</key>
			<string>System/Library/Frameworks/UIKit.framework</string>
			<key>sourceTree</key>
			<string>SDKROOT</string>
		</dict>
		<key>F1F8B808198E5D9300578D91</key>
		<dict>
			<key>fileRef</key>
			<string>F1F8B807198E5D9300578D91</string>
			<key>isa</key>
			<string>PBXBuildFile</string>
		</dict>
		<key>F1F8B809198E5D9300578D91</key>
		<dict>
			<key>children</key>
			<array>
				<string>F19505EF1995CBD300A94FD1</string>
				<string>F1F8B812198E5D9300578D91</string>
				<string>F1F8B813198E5D9300578D91</string>
				<string>F19505F51995CDB800A94FD1</string>
				<string>F19505F61995CDB800A94FD1</string>
				<string>F1F8B815198E5D9300578D91</string>
				<string>F1F8B818198E5D9300578D91</string>
				<string>F1F8B81B198E5D9300578D91</string>
				<string>F1F8B81C198E5D9300578D91</string>
				<string>F1F8B81E198E5D9300578D91</string>
				<string>F1F8B81F198E5D9300578D91</string>
				<string>F1F8B821198E5D9300578D91</string>
				<string>F1F8B80A198E5D9300578D91</string>
				<string>F19505F21995CD9600A94FD1</string>
			</array>
			<key>isa</key>
			<string>PBXGroup</string>
			<key>path</key>
			<string>brasilogos</string>
			<key>sourceTree</key>
			<string>&lt;group&gt;</string>
		</dict>
		<key>F1F8B80A198E5D9300578D91</key>
		<dict>
			<key>children</key>
			<array>
				<string>F1F8B80B198E5D9300578D91</string>
				<string>F1F8B80C198E5D9300578D91</string>
				<string>F1F8B80F198E5D9300578D91</string>
				<string>F1F8B811198E5D9300578D91</string>
			</array>
			<key>isa</key>
			<string>PBXGroup</string>
			<key>name</key>
			<string>Supporting Files</string>
			<key>sourceTree</key>
			<string>&lt;group&gt;</string>
		</dict>
		<key>F1F8B80B198E5D9300578D91</key>
		<dict>
			<key>isa</key>
			<string>PBXFileReference</string>
			<key>lastKnownFileType</key>
			<string>text.plist.xml</string>
			<key>path</key>
			<string>brasilogos-Info.plist</string>
			<key>sourceTree</key>
			<string>&lt;group&gt;</string>
		</dict>
		<key>F1F8B80C198E5D9300578D91</key>
		<dict>
			<key>children</key>
			<array>
				<string>F1F8B80D198E5D9300578D91</string>
			</array>
			<key>isa</key>
			<string>PBXVariantGroup</string>
			<key>name</key>
			<string>InfoPlist.strings</string>
			<key>sourceTree</key>
			<string>&lt;group&gt;</string>
		</dict>
		<key>F1F8B80D198E5D9300578D91</key>
		<dict>
			<key>isa</key>
			<string>PBXFileReference</string>
			<key>lastKnownFileType</key>
			<string>text.plist.strings</string>
			<key>name</key>
			<string>en</string>
			<key>path</key>
			<string>en.lproj/InfoPlist.strings</string>
			<key>sourceTree</key>
			<string>&lt;group&gt;</string>
		</dict>
		<key>F1F8B80E198E5D9300578D91</key>
		<dict>
			<key>fileRef</key>
			<string>F1F8B80C198E5D9300578D91</string>
			<key>isa</key>
			<string>PBXBuildFile</string>
		</dict>
		<key>F1F8B80F198E5D9300578D91</key>
		<dict>
			<key>isa</key>
			<string>PBXFileReference</string>
			<key>lastKnownFileType</key>
			<string>sourcecode.c.objc</string>
			<key>path</key>
			<string>main.m</string>
			<key>sourceTree</key>
			<string>&lt;group&gt;</string>
		</dict>
		<key>F1F8B810198E5D9300578D91</key>
		<dict>
			<key>fileRef</key>
			<string>F1F8B80F198E5D9300578D91</string>
			<key>isa</key>
			<string>PBXBuildFile</string>
		</dict>
		<key>F1F8B811198E5D9300578D91</key>
		<dict>
			<key>isa</key>
			<string>PBXFileReference</string>
			<key>lastKnownFileType</key>
			<string>sourcecode.c.h</string>
			<key>path</key>
			<string>brasilogos-Prefix.pch</string>
			<key>sourceTree</key>
			<string>&lt;group&gt;</string>
		</dict>
		<key>F1F8B812198E5D9300578D91</key>
		<dict>
			<key>isa</key>
			<string>PBXFileReference</string>
			<key>lastKnownFileType</key>
			<string>sourcecode.c.h</string>
			<key>path</key>
			<string>BLAppDelegate.h</string>
			<key>sourceTree</key>
			<string>&lt;group&gt;</string>
		</dict>
		<key>F1F8B813198E5D9300578D91</key>
		<dict>
			<key>isa</key>
			<string>PBXFileReference</string>
			<key>lastKnownFileType</key>
			<string>sourcecode.c.objc</string>
			<key>path</key>
			<string>BLAppDelegate.m</string>
			<key>sourceTree</key>
			<string>&lt;group&gt;</string>
		</dict>
		<key>F1F8B814198E5D9300578D91</key>
		<dict>
			<key>fileRef</key>
			<string>F1F8B813198E5D9300578D91</string>
			<key>isa</key>
			<string>PBXBuildFile</string>
		</dict>
		<key>F1F8B815198E5D9300578D91</key>
		<dict>
			<key>children</key>
			<array>
				<string>F1F8B816198E5D9300578D91</string>
			</array>
			<key>isa</key>
			<string>PBXVariantGroup</string>
			<key>name</key>
			<string>Main_iPhone.storyboard</string>
			<key>sourceTree</key>
			<string>&lt;group&gt;</string>
		</dict>
		<key>F1F8B816198E5D9300578D91</key>
		<dict>
			<key>isa</key>
			<string>PBXFileReference</string>
			<key>lastKnownFileType</key>
			<string>file.storyboard</string>
			<key>name</key>
			<string>Base</string>
			<key>path</key>
			<string>Base.lproj/Main_iPhone.storyboard</string>
			<key>sourceTree</key>
			<string>&lt;group&gt;</string>
		</dict>
		<key>F1F8B817198E5D9300578D91</key>
		<dict>
			<key>fileRef</key>
			<string>F1F8B815198E5D9300578D91</string>
			<key>isa</key>
			<string>PBXBuildFile</string>
		</dict>
		<key>F1F8B818198E5D9300578D91</key>
		<dict>
			<key>children</key>
			<array>
				<string>F1F8B819198E5D9300578D91</string>
			</array>
			<key>isa</key>
			<string>PBXVariantGroup</string>
			<key>name</key>
			<string>Main_iPad.storyboard</string>
			<key>sourceTree</key>
			<string>&lt;group&gt;</string>
		</dict>
		<key>F1F8B819198E5D9300578D91</key>
		<dict>
			<key>isa</key>
			<string>PBXFileReference</string>
			<key>lastKnownFileType</key>
			<string>file.storyboard</string>
			<key>name</key>
			<string>Base</string>
			<key>path</key>
			<string>Base.lproj/Main_iPad.storyboard</string>
			<key>sourceTree</key>
			<string>&lt;group&gt;</string>
		</dict>
		<key>F1F8B81A198E5D9300578D91</key>
		<dict>
			<key>fileRef</key>
			<string>F1F8B818198E5D9300578D91</string>
			<key>isa</key>
			<string>PBXBuildFile</string>
		</dict>
		<key>F1F8B81B198E5D9300578D91</key>
		<dict>
			<key>isa</key>
			<string>PBXFileReference</string>
			<key>lastKnownFileType</key>
			<string>sourcecode.c.h</string>
			<key>path</key>
			<string>BLMasterViewController.h</string>
			<key>sourceTree</key>
			<string>&lt;group&gt;</string>
		</dict>
		<key>F1F8B81C198E5D9300578D91</key>
		<dict>
			<key>isa</key>
			<string>PBXFileReference</string>
			<key>lastKnownFileType</key>
			<string>sourcecode.c.objc</string>
			<key>path</key>
			<string>BLMasterViewController.m</string>
			<key>sourceTree</key>
			<string>&lt;group&gt;</string>
		</dict>
		<key>F1F8B81D198E5D9300578D91</key>
		<dict>
			<key>fileRef</key>
			<string>F1F8B81C198E5D9300578D91</string>
			<key>isa</key>
			<string>PBXBuildFile</string>
		</dict>
		<key>F1F8B81E198E5D9300578D91</key>
		<dict>
			<key>isa</key>
			<string>PBXFileReference</string>
			<key>lastKnownFileType</key>
			<string>sourcecode.c.h</string>
			<key>path</key>
			<string>BLDetailViewController.h</string>
			<key>sourceTree</key>
			<string>&lt;group&gt;</string>
		</dict>
		<key>F1F8B81F198E5D9300578D91</key>
		<dict>
			<key>isa</key>
			<string>PBXFileReference</string>
			<key>lastKnownFileType</key>
			<string>sourcecode.c.objc</string>
			<key>path</key>
			<string>BLDetailViewController.m</string>
			<key>sourceTree</key>
			<string>&lt;group&gt;</string>
		</dict>
		<key>F1F8B820198E5D9300578D91</key>
		<dict>
			<key>fileRef</key>
			<string>F1F8B81F198E5D9300578D91</string>
			<key>isa</key>
			<string>PBXBuildFile</string>
		</dict>
		<key>F1F8B821198E5D9300578D91</key>
		<dict>
			<key>isa</key>
			<string>PBXFileReference</string>
			<key>lastKnownFileType</key>
			<string>folder.assetcatalog</string>
			<key>path</key>
			<string>Images.xcassets</string>
			<key>sourceTree</key>
			<string>&lt;group&gt;</string>
		</dict>
		<key>F1F8B822198E5D9300578D91</key>
		<dict>
			<key>fileRef</key>
			<string>F1F8B821198E5D9300578D91</string>
			<key>isa</key>
			<string>PBXBuildFile</string>
		</dict>
		<key>F1F8B823198E5D9300578D91</key>
		<dict>
			<key>buildActionMask</key>
			<string>2147483647</string>
			<key>files</key>
			<array>
				<string>F1F8B835198E5D9300578D91</string>
			</array>
			<key>isa</key>
			<string>PBXSourcesBuildPhase</string>
			<key>runOnlyForDeploymentPostprocessing</key>
			<string>0</string>
		</dict>
		<key>F1F8B824198E5D9300578D91</key>
		<dict>
			<key>buildActionMask</key>
			<string>2147483647</string>
			<key>files</key>
			<array>
				<string>F1F8B829198E5D9300578D91</string>
				<string>F1F8B82B198E5D9300578D91</string>
				<string>F1F8B82A198E5D9300578D91</string>
			</array>
			<key>isa</key>
			<string>PBXFrameworksBuildPhase</string>
			<key>runOnlyForDeploymentPostprocessing</key>
			<string>0</string>
		</dict>
		<key>F1F8B825198E5D9300578D91</key>
		<dict>
			<key>buildActionMask</key>
			<string>2147483647</string>
			<key>files</key>
			<array>
				<string>F1F8B833198E5D9300578D91</string>
			</array>
			<key>isa</key>
			<string>PBXResourcesBuildPhase</string>
			<key>runOnlyForDeploymentPostprocessing</key>
			<string>0</string>
		</dict>
		<key>F1F8B826198E5D9300578D91</key>
		<dict>
			<key>buildConfigurationList</key>
			<string>F1F8B83B198E5D9300578D91</string>
			<key>buildPhases</key>
			<array>
				<string>F1F8B823198E5D9300578D91</string>
				<string>F1F8B824198E5D9300578D91</string>
				<string>F1F8B825198E5D9300578D91</string>
			</array>
			<key>buildRules</key>
			<array/>
			<key>dependencies</key>
			<array>
				<string>F1F8B82D198E5D9300578D91</string>
			</array>
			<key>isa</key>
			<string>PBXNativeTarget</string>
			<key>name</key>
			<string>brasilogosTests</string>
			<key>productName</key>
			<string>brasilogosTests</string>
			<key>productReference</key>
			<string>F1F8B827198E5D9300578D91</string>
			<key>productType</key>
			<string>com.apple.product-type.bundle.unit-test</string>
		</dict>
		<key>F1F8B827198E5D9300578D91</key>
		<dict>
			<key>explicitFileType</key>
			<string>wrapper.cfbundle</string>
			<key>includeInIndex</key>
			<string>0</string>
			<key>isa</key>
			<string>PBXFileReference</string>
			<key>path</key>
			<string>brasilogosTests.xctest</string>
			<key>sourceTree</key>
			<string>BUILT_PRODUCTS_DIR</string>
		</dict>
		<key>F1F8B828198E5D9300578D91</key>
		<dict>
			<key>isa</key>
			<string>PBXFileReference</string>
			<key>lastKnownFileType</key>
			<string>wrapper.framework</string>
			<key>name</key>
			<string>XCTest.framework</string>
			<key>path</key>
			<string>Library/Frameworks/XCTest.framework</string>
			<key>sourceTree</key>
			<string>DEVELOPER_DIR</string>
		</dict>
		<key>F1F8B829198E5D9300578D91</key>
		<dict>
			<key>fileRef</key>
			<string>F1F8B828198E5D9300578D91</string>
			<key>isa</key>
			<string>PBXBuildFile</string>
		</dict>
		<key>F1F8B82A198E5D9300578D91</key>
		<dict>
			<key>fileRef</key>
			<string>F1F8B803198E5D9300578D91</string>
			<key>isa</key>
			<string>PBXBuildFile</string>
		</dict>
		<key>F1F8B82B198E5D9300578D91</key>
		<dict>
			<key>fileRef</key>
			<string>F1F8B807198E5D9300578D91</string>
			<key>isa</key>
			<string>PBXBuildFile</string>
		</dict>
		<key>F1F8B82C198E5D9300578D91</key>
		<dict>
			<key>containerPortal</key>
			<string>F1F8B7F8198E5D9200578D91</string>
			<key>isa</key>
			<string>PBXContainerItemProxy</string>
			<key>proxyType</key>
			<string>1</string>
			<key>remoteGlobalIDString</key>
			<string>F1F8B7FF198E5D9300578D91</string>
			<key>remoteInfo</key>
			<string>brasilogos</string>
		</dict>
		<key>F1F8B82D198E5D9300578D91</key>
		<dict>
			<key>isa</key>
			<string>PBXTargetDependency</string>
			<key>target</key>
			<string>F1F8B7FF198E5D9300578D91</string>
			<key>targetProxy</key>
			<string>F1F8B82C198E5D9300578D91</string>
		</dict>
		<key>F1F8B82E198E5D9300578D91</key>
		<dict>
			<key>children</key>
			<array>
				<string>F1F8B834198E5D9300578D91</string>
				<string>F1F8B82F198E5D9300578D91</string>
			</array>
			<key>isa</key>
			<string>PBXGroup</string>
			<key>path</key>
			<string>brasilogosTests</string>
			<key>sourceTree</key>
			<string>&lt;group&gt;</string>
		</dict>
		<key>F1F8B82F198E5D9300578D91</key>
		<dict>
			<key>children</key>
			<array>
				<string>F1F8B830198E5D9300578D91</string>
				<string>F1F8B831198E5D9300578D91</string>
			</array>
			<key>isa</key>
			<string>PBXGroup</string>
			<key>name</key>
			<string>Supporting Files</string>
			<key>sourceTree</key>
			<string>&lt;group&gt;</string>
		</dict>
		<key>F1F8B830198E5D9300578D91</key>
		<dict>
			<key>isa</key>
			<string>PBXFileReference</string>
			<key>lastKnownFileType</key>
			<string>text.plist.xml</string>
			<key>path</key>
			<string>brasilogosTests-Info.plist</string>
			<key>sourceTree</key>
			<string>&lt;group&gt;</string>
		</dict>
		<key>F1F8B831198E5D9300578D91</key>
		<dict>
			<key>children</key>
			<array>
				<string>F1F8B832198E5D9300578D91</string>
			</array>
			<key>isa</key>
			<string>PBXVariantGroup</string>
			<key>name</key>
			<string>InfoPlist.strings</string>
			<key>sourceTree</key>
			<string>&lt;group&gt;</string>
		</dict>
		<key>F1F8B832198E5D9300578D91</key>
		<dict>
			<key>isa</key>
			<string>PBXFileReference</string>
			<key>lastKnownFileType</key>
			<string>text.plist.strings</string>
			<key>name</key>
			<string>en</string>
			<key>path</key>
			<string>en.lproj/InfoPlist.strings</string>
			<key>sourceTree</key>
			<string>&lt;group&gt;</string>
		</dict>
		<key>F1F8B833198E5D9300578D91</key>
		<dict>
			<key>fileRef</key>
			<string>F1F8B831198E5D9300578D91</string>
			<key>isa</key>
			<string>PBXBuildFile</string>
		</dict>
		<key>F1F8B834198E5D9300578D91</key>
		<dict>
			<key>isa</key>
			<string>PBXFileReference</string>
			<key>lastKnownFileType</key>
			<string>sourcecode.c.objc</string>
			<key>path</key>
			<string>brasilogosTests.m</string>
			<key>sourceTree</key>
			<string>&lt;group&gt;</string>
		</dict>
		<key>F1F8B835198E5D9300578D91</key>
		<dict>
			<key>fileRef</key>
			<string>F1F8B834198E5D9300578D91</string>
			<key>isa</key>
			<string>PBXBuildFile</string>
		</dict>
		<key>F1F8B836198E5D9300578D91</key>
		<dict>
			<key>buildSettings</key>
			<dict>
				<key>ALWAYS_SEARCH_USER_PATHS</key>
				<string>NO</string>
				<key>CLANG_CXX_LANGUAGE_STANDARD</key>
				<string>gnu++0x</string>
				<key>CLANG_CXX_LIBRARY</key>
				<string>libc++</string>
				<key>CLANG_ENABLE_MODULES</key>
				<string>YES</string>
				<key>CLANG_ENABLE_OBJC_ARC</key>
				<string>YES</string>
				<key>CLANG_WARN_BOOL_CONVERSION</key>
				<string>YES</string>
				<key>CLANG_WARN_CONSTANT_CONVERSION</key>
				<string>YES</string>
				<key>CLANG_WARN_DIRECT_OBJC_ISA_USAGE</key>
				<string>YES_ERROR</string>
				<key>CLANG_WARN_EMPTY_BODY</key>
				<string>YES</string>
				<key>CLANG_WARN_ENUM_CONVERSION</key>
				<string>YES</string>
				<key>CLANG_WARN_INT_CONVERSION</key>
				<string>YES</string>
				<key>CLANG_WARN_OBJC_ROOT_CLASS</key>
				<string>YES_ERROR</string>
				<key>CLANG_WARN__DUPLICATE_METHOD_MATCH</key>
				<string>YES</string>
				<key>CODE_SIGN_IDENTITY[sdk=iphoneos*]</key>
				<string>iPhone Developer</string>
				<key>COPY_PHASE_STRIP</key>
				<string>NO</string>
				<key>GCC_C_LANGUAGE_STANDARD</key>
				<string>gnu99</string>
				<key>GCC_DYNAMIC_NO_PIC</key>
				<string>NO</string>
				<key>GCC_OPTIMIZATION_LEVEL</key>
				<string>0</string>
				<key>GCC_PREPROCESSOR_DEFINITIONS</key>
				<array>
					<string>DEBUG=1</string>
					<string>$(inherited)</string>
				</array>
				<key>GCC_SYMBOLS_PRIVATE_EXTERN</key>
				<string>NO</string>
				<key>GCC_WARN_64_TO_32_BIT_CONVERSION</key>
				<string>YES</string>
				<key>GCC_WARN_ABOUT_RETURN_TYPE</key>
				<string>YES_ERROR</string>
				<key>GCC_WARN_UNDECLARED_SELECTOR</key>
				<string>YES</string>
				<key>GCC_WARN_UNINITIALIZED_AUTOS</key>
				<string>YES_AGGRESSIVE</string>
				<key>GCC_WARN_UNUSED_FUNCTION</key>
				<string>YES</string>
				<key>GCC_WARN_UNUSED_VARIABLE</key>
				<string>YES</string>
				<key>IPHONEOS_DEPLOYMENT_TARGET</key>
				<string>7.0</string>
				<key>ONLY_ACTIVE_ARCH</key>
				<string>YES</string>
				<key>SDKROOT</key>
				<string>iphoneos</string>
				<key>TARGETED_DEVICE_FAMILY</key>
				<string>1,2</string>
			</dict>
			<key>isa</key>
			<string>XCBuildConfiguration</string>
			<key>name</key>
			<string>Debug</string>
		</dict>
		<key>F1F8B837198E5D9300578D91</key>
		<dict>
			<key>buildSettings</key>
			<dict>
				<key>ALWAYS_SEARCH_USER_PATHS</key>
				<string>NO</string>
				<key>CLANG_CXX_LANGUAGE_STANDARD</key>
				<string>gnu++0x</string>
				<key>CLANG_CXX_LIBRARY</key>
				<string>libc++</string>
				<key>CLANG_ENABLE_MODULES</key>
				<string>YES</string>
				<key>CLANG_ENABLE_OBJC_ARC</key>
				<string>YES</string>
				<key>CLANG_WARN_BOOL_CONVERSION</key>
				<string>YES</string>
				<key>CLANG_WARN_CONSTANT_CONVERSION</key>
				<string>YES</string>
				<key>CLANG_WARN_DIRECT_OBJC_ISA_USAGE</key>
				<string>YES_ERROR</string>
				<key>CLANG_WARN_EMPTY_BODY</key>
				<string>YES</string>
				<key>CLANG_WARN_ENUM_CONVERSION</key>
				<string>YES</string>
				<key>CLANG_WARN_INT_CONVERSION</key>
				<string>YES</string>
				<key>CLANG_WARN_OBJC_ROOT_CLASS</key>
				<string>YES_ERROR</string>
				<key>CLANG_WARN__DUPLICATE_METHOD_MATCH</key>
				<string>YES</string>
				<key>CODE_SIGN_IDENTITY[sdk=iphoneos*]</key>
				<string>iPhone Developer</string>
				<key>COPY_PHASE_STRIP</key>
				<string>YES</string>
				<key>ENABLE_NS_ASSERTIONS</key>
				<string>NO</string>
				<key>GCC_C_LANGUAGE_STANDARD</key>
				<string>gnu99</string>
				<key>GCC_WARN_64_TO_32_BIT_CONVERSION</key>
				<string>YES</string>
				<key>GCC_WARN_ABOUT_RETURN_TYPE</key>
				<string>YES_ERROR</string>
				<key>GCC_WARN_UNDECLARED_SELECTOR</key>
				<string>YES</string>
				<key>GCC_WARN_UNINITIALIZED_AUTOS</key>
				<string>YES_AGGRESSIVE</string>
				<key>GCC_WARN_UNUSED_FUNCTION</key>
				<string>YES</string>
				<key>GCC_WARN_UNUSED_VARIABLE</key>
				<string>YES</string>
				<key>IPHONEOS_DEPLOYMENT_TARGET</key>
				<string>7.0</string>
				<key>SDKROOT</key>
				<string>iphoneos</string>
				<key>TARGETED_DEVICE_FAMILY</key>
				<string>1,2</string>
				<key>VALIDATE_PRODUCT</key>
				<string>YES</string>
			</dict>
			<key>isa</key>
			<string>XCBuildConfiguration</string>
			<key>name</key>
			<string>Release</string>
		</dict>
		<key>F1F8B838198E5D9300578D91</key>
		<dict>
			<key>buildConfigurations</key>
			<array>
				<string>F1F8B839198E5D9300578D91</string>
				<string>F1F8B83A198E5D9300578D91</string>
			</array>
			<key>defaultConfigurationIsVisible</key>
			<string>0</string>
			<key>defaultConfigurationName</key>
			<string>Release</string>
			<key>isa</key>
			<string>XCConfigurationList</string>
		</dict>
		<key>F1F8B839198E5D9300578D91</key>
		<dict>
			<key>baseConfigurationReference</key>
			<string>E7A8360C6337441A8304F6C2</string>
			<key>buildSettings</key>
			<dict>
				<key>ASSETCATALOG_COMPILER_APPICON_NAME</key>
				<string>AppIcon</string>
				<key>ASSETCATALOG_COMPILER_LAUNCHIMAGE_NAME</key>
				<string>LaunchImage</string>
				<key>CODE_SIGN_IDENTITY</key>
				<string>iPhone Developer</string>
				<key>GCC_PRECOMPILE_PREFIX_HEADER</key>
				<string>YES</string>
				<key>GCC_PREFIX_HEADER</key>
				<string>brasilogos/brasilogos-Prefix.pch</string>
				<key>INFOPLIST_FILE</key>
				<string>brasilogos/brasilogos-Info.plist</string>
				<key>IPHONEOS_DEPLOYMENT_TARGET</key>
				<string>7.0</string>
				<key>PRODUCT_NAME</key>
				<string>$(TARGET_NAME)</string>
				<key>WRAPPER_EXTENSION</key>
				<string>app</string>
			</dict>
			<key>isa</key>
			<string>XCBuildConfiguration</string>
			<key>name</key>
			<string>Debug</string>
		</dict>
		<key>F1F8B83A198E5D9300578D91</key>
		<dict>
			<key>baseConfigurationReference</key>
			<string>E7A8360C6337441A8304F6C2</string>
			<key>buildSettings</key>
			<dict>
				<key>ASSETCATALOG_COMPILER_APPICON_NAME</key>
				<string>AppIcon</string>
				<key>ASSETCATALOG_COMPILER_LAUNCHIMAGE_NAME</key>
				<string>LaunchImage</string>
				<key>CODE_SIGN_IDENTITY</key>
				<string>iPhone Developer</string>
				<key>GCC_PRECOMPILE_PREFIX_HEADER</key>
				<string>YES</string>
				<key>GCC_PREFIX_HEADER</key>
				<string>brasilogos/brasilogos-Prefix.pch</string>
				<key>INFOPLIST_FILE</key>
				<string>brasilogos/brasilogos-Info.plist</string>
				<key>IPHONEOS_DEPLOYMENT_TARGET</key>
				<string>7.0</string>
				<key>PRODUCT_NAME</key>
				<string>$(TARGET_NAME)</string>
				<key>WRAPPER_EXTENSION</key>
				<string>app</string>
			</dict>
			<key>isa</key>
			<string>XCBuildConfiguration</string>
			<key>name</key>
			<string>Release</string>
		</dict>
		<key>F1F8B83B198E5D9300578D91</key>
		<dict>
			<key>buildConfigurations</key>
			<array>
				<string>F1F8B83C198E5D9300578D91</string>
				<string>F1F8B83D198E5D9300578D91</string>
			</array>
			<key>defaultConfigurationIsVisible</key>
			<string>0</string>
			<key>defaultConfigurationName</key>
			<string>Release</string>
			<key>isa</key>
			<string>XCConfigurationList</string>
		</dict>
		<key>F1F8B83C198E5D9300578D91</key>
		<dict>
			<key>buildSettings</key>
			<dict>
				<key>BUNDLE_LOADER</key>
				<string>$(BUILT_PRODUCTS_DIR)/brasilogos.app/brasilogos</string>
				<key>FRAMEWORK_SEARCH_PATHS</key>
				<array>
					<string>$(SDKROOT)/Developer/Library/Frameworks</string>
					<string>$(inherited)</string>
					<string>$(DEVELOPER_FRAMEWORKS_DIR)</string>
				</array>
				<key>GCC_PRECOMPILE_PREFIX_HEADER</key>
				<string>YES</string>
				<key>GCC_PREFIX_HEADER</key>
				<string>brasilogos/brasilogos-Prefix.pch</string>
				<key>GCC_PREPROCESSOR_DEFINITIONS</key>
				<array>
					<string>DEBUG=1</string>
					<string>$(inherited)</string>
				</array>
				<key>INFOPLIST_FILE</key>
				<string>brasilogosTests/brasilogosTests-Info.plist</string>
				<key>PRODUCT_NAME</key>
				<string>$(TARGET_NAME)</string>
				<key>TEST_HOST</key>
				<string>$(BUNDLE_LOADER)</string>
				<key>WRAPPER_EXTENSION</key>
				<string>xctest</string>
			</dict>
			<key>isa</key>
			<string>XCBuildConfiguration</string>
			<key>name</key>
			<string>Debug</string>
		</dict>
		<key>F1F8B83D198E5D9300578D91</key>
		<dict>
			<key>buildSettings</key>
			<dict>
				<key>BUNDLE_LOADER</key>
				<string>$(BUILT_PRODUCTS_DIR)/brasilogos.app/brasilogos</string>
				<key>FRAMEWORK_SEARCH_PATHS</key>
				<array>
					<string>$(SDKROOT)/Developer/Library/Frameworks</string>
					<string>$(inherited)</string>
					<string>$(DEVELOPER_FRAMEWORKS_DIR)</string>
				</array>
				<key>GCC_PRECOMPILE_PREFIX_HEADER</key>
				<string>YES</string>
				<key>GCC_PREFIX_HEADER</key>
				<string>brasilogos/brasilogos-Prefix.pch</string>
				<key>INFOPLIST_FILE</key>
				<string>brasilogosTests/brasilogosTests-Info.plist</string>
				<key>PRODUCT_NAME</key>
				<string>$(TARGET_NAME)</string>
				<key>TEST_HOST</key>
				<string>$(BUNDLE_LOADER)</string>
				<key>WRAPPER_EXTENSION</key>
				<string>xctest</string>
			</dict>
			<key>isa</key>
			<string>XCBuildConfiguration</string>
			<key>name</key>
			<string>Release</string>
		</dict>
		<key>F601F87A0D3741A4B3840CF6</key>
		<dict>
			<key>buildActionMask</key>
			<string>2147483647</string>
			<key>files</key>
			<array/>
			<key>inputPaths</key>
			<array/>
			<key>isa</key>
			<string>PBXShellScriptBuildPhase</string>
			<key>name</key>
			<string>Copy Pods Resources</string>
			<key>outputPaths</key>
			<array/>
			<key>runOnlyForDeploymentPostprocessing</key>
			<string>0</string>
			<key>shellPath</key>
			<string>/bin/sh</string>
			<key>shellScript</key>
			<string>"${SRCROOT}/Pods/Pods-resources.sh"
</string>
			<key>showEnvVarsInLog</key>
			<string>0</string>
		</dict>
		<key>FD9B1AF2389A46DCAA41E040</key>
		<dict>
			<key>buildActionMask</key>
			<string>2147483647</string>
			<key>files</key>
			<array/>
			<key>inputPaths</key>
			<array/>
			<key>isa</key>
			<string>PBXShellScriptBuildPhase</string>
			<key>name</key>
			<string>Check Pods Manifest.lock</string>
			<key>outputPaths</key>
			<array/>
			<key>runOnlyForDeploymentPostprocessing</key>
			<string>0</string>
			<key>shellPath</key>
			<string>/bin/sh</string>
			<key>shellScript</key>
			<string>diff "${PODS_ROOT}/../Podfile.lock" "${PODS_ROOT}/Manifest.lock" &gt; /dev/null
if [[ $? != 0 ]] ; then
    cat &lt;&lt; EOM
error: The sandbox is not in sync with the Podfile.lock. Run 'pod install' or update your CocoaPods installation.
EOM
    exit 1
fi
</string>
			<key>showEnvVarsInLog</key>
			<string>0</string>
		</dict>
	</dict>
	<key>rootObject</key>
	<string>F1F8B7F8198E5D9200578D91</string>
</dict>
</plist>
