// !$*UTF8*$!
{
	archiveVersion = 1;
	classes = {
	};
	objectVersion = 46;
	objects = {

/* Begin PBXBuildFile section */
		446CCBDC1D45070D00602313 /* BLAnalytics.m in Sources */ = {isa = PBXBuildFile; fileRef = 446CCBDB1D45070D00602313 /* BLAnalytics.m */; };
		446CCBDF1D45081C00602313 /* BLFlurryAnalytics.m in Sources */ = {isa = PBXBuildFile; fileRef = 446CCBDE1D45081C00602313 /* BLFlurryAnalytics.m */; };
		44F774501D3AA4A700734F90 /* BLFirebaseAnalytics.m in Sources */ = {isa = PBXBuildFile; fileRef = 44F7744F1D3AA4A700734F90 /* BLFirebaseAnalytics.m */; };
		5CA6FACC800CA7A739CCED8E /* libPods-brasilogos.a in Frameworks */ = {isa = PBXBuildFile; fileRef = 1965C534B08CFA16223406B2 /* libPods-brasilogos.a */; };
		F106AD1F20F54C68009E9A77 /* CustomUIButton.swift in Sources */ = {isa = PBXBuildFile; fileRef = F106AD1E20F54C68009E9A77 /* CustomUIButton.swift */; };
		F106AD2420F550A0009E9A77 /* Localizable.strings in Resources */ = {isa = PBXBuildFile; fileRef = F106AD2220F550A0009E9A77 /* Localizable.strings */; };
		F10C63B6199EA825005328B2 /* db.json in Resources */ = {isa = PBXBuildFile; fileRef = F10C63B5199EA825005328B2 /* db.json */; };
		F10C63B9199EB863005328B2 /* BLMainViewController.m in Sources */ = {isa = PBXBuildFile; fileRef = F10C63B8199EB863005328B2 /* BLMainViewController.m */; };
		F10C63BC199EB878005328B2 /* BLIndexLevelViewController.m in Sources */ = {isa = PBXBuildFile; fileRef = F10C63BB199EB878005328B2 /* BLIndexLevelViewController.m */; };
		F10C63BF199EB88D005328B2 /* BLLevelViewController.m in Sources */ = {isa = PBXBuildFile; fileRef = F10C63BE199EB88D005328B2 /* BLLevelViewController.m */; };
		F10C63C2199EB8A0005328B2 /* BLLogoViewController.m in Sources */ = {isa = PBXBuildFile; fileRef = F10C63C1199EB8A0005328B2 /* BLLogoViewController.m */; };
		F10C63C8199EC812005328B2 /* BLJSONDatabase.m in Sources */ = {isa = PBXBuildFile; fileRef = F10C63C7199EC812005328B2 /* BLJSONDatabase.m */; };
		F112977F19A0DB4700ACE7A2 /* Toast+UIView.m in Sources */ = {isa = PBXBuildFile; fileRef = F112977E19A0DB4700ACE7A2 /* Toast+UIView.m */; };
		F112978719A0F53C00ACE7A2 /* correct.mp3 in Resources */ = {isa = PBXBuildFile; fileRef = F112978119A0F53C00ACE7A2 /* correct.mp3 */; };
		F112978819A0F53C00ACE7A2 /* fail.mp3 in Resources */ = {isa = PBXBuildFile; fileRef = F112978219A0F53C00ACE7A2 /* fail.mp3 */; };
		F112978919A0F53C00ACE7A2 /* fbbutton.mp3 in Resources */ = {isa = PBXBuildFile; fileRef = F112978319A0F53C00ACE7A2 /* fbbutton.mp3 */; };
		F112978A19A0F53C00ACE7A2 /* fbsound.mp3 in Resources */ = {isa = PBXBuildFile; fileRef = F112978419A0F53C00ACE7A2 /* fbsound.mp3 */; };
		F112978B19A0F53C00ACE7A2 /* pointbutton.mp3 in Resources */ = {isa = PBXBuildFile; fileRef = F112978519A0F53C00ACE7A2 /* pointbutton.mp3 */; };
		F112978C19A0F53C00ACE7A2 /* RVBCLICK.WAV in Resources */ = {isa = PBXBuildFile; fileRef = F112978619A0F53C00ACE7A2 /* RVBCLICK.WAV */; };
		F112978E19A0F63900ACE7A2 /* AVFoundation.framework in Frameworks */ = {isa = PBXBuildFile; fileRef = F112978D19A0F63900ACE7A2 /* AVFoundation.framework */; };
		F112979119A10DD100ACE7A2 /* BLShoppingOverlayViewController.m in Sources */ = {isa = PBXBuildFile; fileRef = F112979019A10DD100ACE7A2 /* BLShoppingOverlayViewController.m */; };
		F112979419A11E6600ACE7A2 /* BLBannerManager.m in Sources */ = {isa = PBXBuildFile; fileRef = F112979319A11E6600ACE7A2 /* BLBannerManager.m */; };
		F112E88319A8C378009F70B4 /* StoreKit.framework in Frameworks */ = {isa = PBXBuildFile; fileRef = F112E88219A8C378009F70B4 /* StoreKit.framework */; };
		F112E88619A8C3D7009F70B4 /* BLInAppManager.m in Sources */ = {isa = PBXBuildFile; fileRef = F112E88519A8C3D7009F70B4 /* BLInAppManager.m */; };
		F1235E211A00917D001284EB /* GameKit.framework in Frameworks */ = {isa = PBXBuildFile; fileRef = F1235E201A00917D001284EB /* GameKit.framework */; };
		F1269B8619C5F0B600A89099 /* BLController.m in Sources */ = {isa = PBXBuildFile; fileRef = F1269B8519C5F0B600A89099 /* BLController.m */; };
		F16171D519C7B49400FA9A07 /* BLTransaction.m in Sources */ = {isa = PBXBuildFile; fileRef = F16171D419C7B49400FA9A07 /* BLTransaction.m */; };
		F16968EA1D2929DC0086EF89 /* GoogleService-Info.plist in Resources */ = {isa = PBXBuildFile; fileRef = F16968E91D2929DC0086EF89 /* GoogleService-Info.plist */; };
		F175864D1C666D5A00B54134 /* Launch Screen.storyboard in Resources */ = {isa = PBXBuildFile; fileRef = F175864C1C666D5A00B54134 /* Launch Screen.storyboard */; };
		F19505F71995CDB800A94FD1 /* BLStyling.m in Sources */ = {isa = PBXBuildFile; fileRef = F19505F61995CDB800A94FD1 /* BLStyling.m */; };
		F1A0B6DC1C675FAA00D55D0D /* BLLogosListViewController.m in Sources */ = {isa = PBXBuildFile; fileRef = F1A0B6DB1C675FAA00D55D0D /* BLLogosListViewController.m */; };
		F1A343B51F9178BA0046EA5A /* BLBaseViewController.m in Sources */ = {isa = PBXBuildFile; fileRef = F1A343B41F9178BA0046EA5A /* BLBaseViewController.m */; };
		F1AD905D199FB6EA0071E256 /* BLLogoStatus.m in Sources */ = {isa = PBXBuildFile; fileRef = F1AD905C199FB6EA0071E256 /* BLLogoStatus.m */; };
		F1AD9060199FB7BD0071E256 /* BLDatabaseManager.m in Sources */ = {isa = PBXBuildFile; fileRef = F1AD905F199FB7BD0071E256 /* BLDatabaseManager.m */; };
		F1AD9063199FBCFA0071E256 /* BLScore.m in Sources */ = {isa = PBXBuildFile; fileRef = F1AD9062199FBCFA0071E256 /* BLScore.m */; };
		F1AD9066199FBD530071E256 /* BLUser.m in Sources */ = {isa = PBXBuildFile; fileRef = F1AD9065199FBD530071E256 /* BLUser.m */; };
		F1AD9069199FCBD20071E256 /* BLWallet.m in Sources */ = {isa = PBXBuildFile; fileRef = F1AD9068199FCBD20071E256 /* BLWallet.m */; };
		F1AD906C199FD35D0071E256 /* BLGameManager.m in Sources */ = {isa = PBXBuildFile; fileRef = F1AD906B199FD35D0071E256 /* BLGameManager.m */; };
		F1B837B422916A22008EFAF8 /* AppDelegate.swift in Sources */ = {isa = PBXBuildFile; fileRef = F1B837B322916A22008EFAF8 /* AppDelegate.swift */; };
		F1CA0A5220F22D810051CC1C /* MenuViewController.swift in Sources */ = {isa = PBXBuildFile; fileRef = F1CA0A5120F22D810051CC1C /* MenuViewController.swift */; };
		F1CA0A5520F22D9F0051CC1C /* MenuViewModel.swift in Sources */ = {isa = PBXBuildFile; fileRef = F1CA0A5420F22D9F0051CC1C /* MenuViewModel.swift */; };
		F1CA0A5920F22E700051CC1C /* ApplicationCoordinator.swift in Sources */ = {isa = PBXBuildFile; fileRef = F1CA0A5820F22E700051CC1C /* ApplicationCoordinator.swift */; };
		F1CA0A5C20F22EA70051CC1C /* Coordinator.swift in Sources */ = {isa = PBXBuildFile; fileRef = F1CA0A5B20F22EA70051CC1C /* Coordinator.swift */; };
		F1CA0A5E20F2C5250051CC1C /* AboutCoordinator.swift in Sources */ = {isa = PBXBuildFile; fileRef = F1CA0A5D20F2C5250051CC1C /* AboutCoordinator.swift */; };
		F1CA0A6120F2C6070051CC1C /* AboutViewController.swift in Sources */ = {isa = PBXBuildFile; fileRef = F1CA0A6020F2C6070051CC1C /* AboutViewController.swift */; };
		F1CA0A6320F2C6F70051CC1C /* AboutViewModel.swift in Sources */ = {isa = PBXBuildFile; fileRef = F1CA0A6220F2C6F70051CC1C /* AboutViewModel.swift */; };
		F1CA0A6620F3F4340051CC1C /* EmailHandler.swift in Sources */ = {isa = PBXBuildFile; fileRef = F1CA0A6520F3F4340051CC1C /* EmailHandler.swift */; };
		F1CA0A6820F3FB4C0051CC1C /* Toaster.swift in Sources */ = {isa = PBXBuildFile; fileRef = F1CA0A6720F3FB4C0051CC1C /* Toaster.swift */; };
		F1CD24EA1A392DBE00DD6A8B /* GameCenterManager.m in Sources */ = {isa = PBXBuildFile; fileRef = F1CD24E91A392DBE00DD6A8B /* GameCenterManager.m */; };
		F1D86B72218CA641001B394F /* LogoParser.swift in Sources */ = {isa = PBXBuildFile; fileRef = F1D86B71218CA641001B394F /* LogoParser.swift */; };
		F1DCDEB619CDA8D40038441C /* BLAlertOverlayViewController.m in Sources */ = {isa = PBXBuildFile; fileRef = F1DCDEB519CDA8D40038441C /* BLAlertOverlayViewController.m */; };
		F1E71B7B21908A6F0033C441 /* LevelTableViewCell.swift in Sources */ = {isa = PBXBuildFile; fileRef = F1E71B7A21908A6F0033C441 /* LevelTableViewCell.swift */; };
		F1E71B7D2190A12A0033C441 /* LevelCoordinator.swift in Sources */ = {isa = PBXBuildFile; fileRef = F1E71B7C2190A12A0033C441 /* LevelCoordinator.swift */; };
		F1E71B7F2190A13D0033C441 /* ShoppingCoordinator.swift in Sources */ = {isa = PBXBuildFile; fileRef = F1E71B7E2190A13D0033C441 /* ShoppingCoordinator.swift */; };
		F1E71B822190A4AD0033C441 /* LevelViewController.swift in Sources */ = {isa = PBXBuildFile; fileRef = F1E71B812190A4AD0033C441 /* LevelViewController.swift */; };
		F1E71B842190A4D00033C441 /* LevelViewModel.swift in Sources */ = {isa = PBXBuildFile; fileRef = F1E71B832190A4D00033C441 /* LevelViewModel.swift */; };
		F1E71B862190ACAE0033C441 /* LevelCollectionViewManager.swift in Sources */ = {isa = PBXBuildFile; fileRef = F1E71B852190ACAE0033C441 /* LevelCollectionViewManager.swift */; };
		F1E71B882190ADD80033C441 /* LogoCollectionViewCell.swift in Sources */ = {isa = PBXBuildFile; fileRef = F1E71B872190ADD80033C441 /* LogoCollectionViewCell.swift */; };
		F1E75DDF20F5545A00884845 /* Main.storyboard in Resources */ = {isa = PBXBuildFile; fileRef = F1E75DDE20F5545900884845 /* Main.storyboard */; };
		F1EF70B320F2399700D909AF /* MenuCoordinator.swift in Sources */ = {isa = PBXBuildFile; fileRef = F1EF70B220F2399700D909AF /* MenuCoordinator.swift */; };
		F1EF7CC52105351F00FB61FC /* brasilogosUnitTests.swift in Sources */ = {isa = PBXBuildFile; fileRef = F1EF7CC42105351F00FB61FC /* brasilogosUnitTests.swift */; };
		F1EF7CD32105355C00FB61FC /* brasilogosUITests.swift in Sources */ = {isa = PBXBuildFile; fileRef = F1EF7CD22105355C00FB61FC /* brasilogosUITests.swift */; };
		F1F4CC7020FA91C100750EB6 /* LevelListViewController.swift in Sources */ = {isa = PBXBuildFile; fileRef = F1F4CC6F20FA91C100750EB6 /* LevelListViewController.swift */; };
		F1F4CC7220FA91DB00750EB6 /* LevelListViewModel.swift in Sources */ = {isa = PBXBuildFile; fileRef = F1F4CC7120FA91DB00750EB6 /* LevelListViewModel.swift */; };
		F1F4CC7420FA925700750EB6 /* LevelListTableViewManager.swift in Sources */ = {isa = PBXBuildFile; fileRef = F1F4CC7320FA925700750EB6 /* LevelListTableViewManager.swift */; };
		F1F4CC7720FA96B800750EB6 /* Level.swift in Sources */ = {isa = PBXBuildFile; fileRef = F1F4CC7620FA96B800750EB6 /* Level.swift */; };
		F1F4CC7920FA96EF00750EB6 /* Logo.swift in Sources */ = {isa = PBXBuildFile; fileRef = F1F4CC7820FA96EF00750EB6 /* Logo.swift */; };
		F1F4CC7B20FA973A00750EB6 /* LogoStorage.swift in Sources */ = {isa = PBXBuildFile; fileRef = F1F4CC7A20FA973A00750EB6 /* LogoStorage.swift */; };
		F1F4CC7D20FA98C200750EB6 /* LevelListCoordinator.swift in Sources */ = {isa = PBXBuildFile; fileRef = F1F4CC7C20FA98C200750EB6 /* LevelListCoordinator.swift */; };
		F1F4CC7F20FA9C1300750EB6 /* ViewModel.swift in Sources */ = {isa = PBXBuildFile; fileRef = F1F4CC7E20FA9C1300750EB6 /* ViewModel.swift */; };
		F1F8B804198E5D9300578D91 /* Foundation.framework in Frameworks */ = {isa = PBXBuildFile; fileRef = F1F8B803198E5D9300578D91 /* Foundation.framework */; };
		F1F8B806198E5D9300578D91 /* CoreGraphics.framework in Frameworks */ = {isa = PBXBuildFile; fileRef = F1F8B805198E5D9300578D91 /* CoreGraphics.framework */; };
		F1F8B808198E5D9300578D91 /* UIKit.framework in Frameworks */ = {isa = PBXBuildFile; fileRef = F1F8B807198E5D9300578D91 /* UIKit.framework */; };
		F1F8B80E198E5D9300578D91 /* InfoPlist.strings in Resources */ = {isa = PBXBuildFile; fileRef = F1F8B80C198E5D9300578D91 /* InfoPlist.strings */; };
		F1F8B822198E5D9300578D91 /* Images.xcassets in Resources */ = {isa = PBXBuildFile; fileRef = F1F8B821198E5D9300578D91 /* Images.xcassets */; };
/* End PBXBuildFile section */

/* Begin PBXContainerItemProxy section */
		F1EF7CC72105351F00FB61FC /* PBXContainerItemProxy */ = {
			isa = PBXContainerItemProxy;
			containerPortal = F1F8B7F8198E5D9200578D91 /* Project object */;
			proxyType = 1;
			remoteGlobalIDString = F1F8B7FF198E5D9300578D91;
			remoteInfo = brasilogos;
		};
		F1EF7CD52105355C00FB61FC /* PBXContainerItemProxy */ = {
			isa = PBXContainerItemProxy;
			containerPortal = F1F8B7F8198E5D9200578D91 /* Project object */;
			proxyType = 1;
			remoteGlobalIDString = F1F8B7FF198E5D9300578D91;
			remoteInfo = brasilogos;
		};
/* End PBXContainerItemProxy section */

/* Begin PBXFileReference section */
		1719167C13704E4C5B2D64A3 /* Pods-brasilogos.release.xcconfig */ = {isa = PBXFileReference; includeInIndex = 1; lastKnownFileType = text.xcconfig; name = "Pods-brasilogos.release.xcconfig"; path = "Pods/Target Support Files/Pods-brasilogos/Pods-brasilogos.release.xcconfig"; sourceTree = "<group>"; };
		1965C534B08CFA16223406B2 /* libPods-brasilogos.a */ = {isa = PBXFileReference; explicitFileType = archive.ar; includeInIndex = 0; path = "libPods-brasilogos.a"; sourceTree = BUILT_PRODUCTS_DIR; };
		30F2EF3A2CC56244DB29C5B7 /* Pods-brasilogos.debug.xcconfig */ = {isa = PBXFileReference; includeInIndex = 1; lastKnownFileType = text.xcconfig; name = "Pods-brasilogos.debug.xcconfig"; path = "Pods/Target Support Files/Pods-brasilogos/Pods-brasilogos.debug.xcconfig"; sourceTree = "<group>"; };
		446CCBDA1D45070D00602313 /* BLAnalytics.h */ = {isa = PBXFileReference; fileEncoding = 4; lastKnownFileType = sourcecode.c.h; path = BLAnalytics.h; sourceTree = "<group>"; };
		446CCBDB1D45070D00602313 /* BLAnalytics.m */ = {isa = PBXFileReference; fileEncoding = 4; lastKnownFileType = sourcecode.c.objc; path = BLAnalytics.m; sourceTree = "<group>"; };
		446CCBDD1D45081C00602313 /* BLFlurryAnalytics.h */ = {isa = PBXFileReference; fileEncoding = 4; lastKnownFileType = sourcecode.c.h; path = BLFlurryAnalytics.h; sourceTree = "<group>"; };
		446CCBDE1D45081C00602313 /* BLFlurryAnalytics.m */ = {isa = PBXFileReference; fileEncoding = 4; lastKnownFileType = sourcecode.c.objc; path = BLFlurryAnalytics.m; sourceTree = "<group>"; };
		44F7744E1D3AA4A700734F90 /* BLFirebaseAnalytics.h */ = {isa = PBXFileReference; fileEncoding = 4; lastKnownFileType = sourcecode.c.h; path = BLFirebaseAnalytics.h; sourceTree = "<group>"; };
		44F7744F1D3AA4A700734F90 /* BLFirebaseAnalytics.m */ = {isa = PBXFileReference; fileEncoding = 4; lastKnownFileType = sourcecode.c.objc; path = BLFirebaseAnalytics.m; sourceTree = "<group>"; };
		F106AD1E20F54C68009E9A77 /* CustomUIButton.swift */ = {isa = PBXFileReference; lastKnownFileType = sourcecode.swift; name = CustomUIButton.swift; path = UI/Views/CustomUIButton.swift; sourceTree = "<group>"; };
		F106AD2020F5500C009E9A77 /* pt-BR */ = {isa = PBXFileReference; lastKnownFileType = text.plist.strings; name = "pt-BR"; path = "pt-BR.lproj/InfoPlist.strings"; sourceTree = "<group>"; };
		F106AD2520F550A7009E9A77 /* en */ = {isa = PBXFileReference; lastKnownFileType = text.plist.strings; name = en; path = brasilogos/en.lproj/Localizable.strings; sourceTree = "<group>"; };
		F106AD2620F550A9009E9A77 /* pt-BR */ = {isa = PBXFileReference; lastKnownFileType = text.plist.strings; name = "pt-BR"; path = "brasilogos/pt-BR.lproj/Localizable.strings"; sourceTree = "<group>"; };
		F10C63B5199EA825005328B2 /* db.json */ = {isa = PBXFileReference; fileEncoding = 4; lastKnownFileType = text.json; name = db.json; path = brasilogos/db.json; sourceTree = "<group>"; };
		F10C63B7199EB863005328B2 /* BLMainViewController.h */ = {isa = PBXFileReference; fileEncoding = 4; lastKnownFileType = sourcecode.c.h; path = BLMainViewController.h; sourceTree = "<group>"; };
		F10C63B8199EB863005328B2 /* BLMainViewController.m */ = {isa = PBXFileReference; fileEncoding = 4; lastKnownFileType = sourcecode.c.objc; path = BLMainViewController.m; sourceTree = "<group>"; };
		F10C63BA199EB878005328B2 /* BLIndexLevelViewController.h */ = {isa = PBXFileReference; fileEncoding = 4; lastKnownFileType = sourcecode.c.h; path = BLIndexLevelViewController.h; sourceTree = "<group>"; };
		F10C63BB199EB878005328B2 /* BLIndexLevelViewController.m */ = {isa = PBXFileReference; fileEncoding = 4; lastKnownFileType = sourcecode.c.objc; path = BLIndexLevelViewController.m; sourceTree = "<group>"; };
		F10C63BD199EB88D005328B2 /* BLLevelViewController.h */ = {isa = PBXFileReference; fileEncoding = 4; lastKnownFileType = sourcecode.c.h; path = BLLevelViewController.h; sourceTree = "<group>"; };
		F10C63BE199EB88D005328B2 /* BLLevelViewController.m */ = {isa = PBXFileReference; fileEncoding = 4; lastKnownFileType = sourcecode.c.objc; path = BLLevelViewController.m; sourceTree = "<group>"; };
		F10C63C0199EB8A0005328B2 /* BLLogoViewController.h */ = {isa = PBXFileReference; fileEncoding = 4; lastKnownFileType = sourcecode.c.h; path = BLLogoViewController.h; sourceTree = "<group>"; };
		F10C63C1199EB8A0005328B2 /* BLLogoViewController.m */ = {isa = PBXFileReference; fileEncoding = 4; lastKnownFileType = sourcecode.c.objc; path = BLLogoViewController.m; sourceTree = "<group>"; };
		F10C63C6199EC812005328B2 /* BLJSONDatabase.h */ = {isa = PBXFileReference; fileEncoding = 4; lastKnownFileType = sourcecode.c.h; path = BLJSONDatabase.h; sourceTree = "<group>"; };
		F10C63C7199EC812005328B2 /* BLJSONDatabase.m */ = {isa = PBXFileReference; fileEncoding = 4; lastKnownFileType = sourcecode.c.objc; path = BLJSONDatabase.m; sourceTree = "<group>"; };
		F112977D19A0DB4100ACE7A2 /* Toast+UIView.h */ = {isa = PBXFileReference; lastKnownFileType = sourcecode.c.h; path = "Toast+UIView.h"; sourceTree = "<group>"; };
		F112977E19A0DB4700ACE7A2 /* Toast+UIView.m */ = {isa = PBXFileReference; fileEncoding = 4; lastKnownFileType = sourcecode.c.objc; path = "Toast+UIView.m"; sourceTree = "<group>"; };
		F112978119A0F53C00ACE7A2 /* correct.mp3 */ = {isa = PBXFileReference; lastKnownFileType = audio.mp3; name = correct.mp3; path = sound/correct.mp3; sourceTree = SOURCE_ROOT; };
		F112978219A0F53C00ACE7A2 /* fail.mp3 */ = {isa = PBXFileReference; lastKnownFileType = audio.mp3; name = fail.mp3; path = sound/fail.mp3; sourceTree = SOURCE_ROOT; };
		F112978319A0F53C00ACE7A2 /* fbbutton.mp3 */ = {isa = PBXFileReference; lastKnownFileType = audio.mp3; name = fbbutton.mp3; path = sound/fbbutton.mp3; sourceTree = SOURCE_ROOT; };
		F112978419A0F53C00ACE7A2 /* fbsound.mp3 */ = {isa = PBXFileReference; lastKnownFileType = audio.mp3; name = fbsound.mp3; path = sound/fbsound.mp3; sourceTree = SOURCE_ROOT; };
		F112978519A0F53C00ACE7A2 /* pointbutton.mp3 */ = {isa = PBXFileReference; lastKnownFileType = audio.mp3; name = pointbutton.mp3; path = sound/pointbutton.mp3; sourceTree = SOURCE_ROOT; };
		F112978619A0F53C00ACE7A2 /* RVBCLICK.WAV */ = {isa = PBXFileReference; lastKnownFileType = audio.wav; name = RVBCLICK.WAV; path = sound/RVBCLICK.WAV; sourceTree = SOURCE_ROOT; };
		F112978D19A0F63900ACE7A2 /* AVFoundation.framework */ = {isa = PBXFileReference; lastKnownFileType = wrapper.framework; name = AVFoundation.framework; path = System/Library/Frameworks/AVFoundation.framework; sourceTree = SDKROOT; };
		F112978F19A10DD100ACE7A2 /* BLShoppingOverlayViewController.h */ = {isa = PBXFileReference; fileEncoding = 4; lastKnownFileType = sourcecode.c.h; path = BLShoppingOverlayViewController.h; sourceTree = "<group>"; };
		F112979019A10DD100ACE7A2 /* BLShoppingOverlayViewController.m */ = {isa = PBXFileReference; fileEncoding = 4; lastKnownFileType = sourcecode.c.objc; path = BLShoppingOverlayViewController.m; sourceTree = "<group>"; };
		F112979219A11E6600ACE7A2 /* BLBannerManager.h */ = {isa = PBXFileReference; fileEncoding = 4; lastKnownFileType = sourcecode.c.h; path = BLBannerManager.h; sourceTree = "<group>"; };
		F112979319A11E6600ACE7A2 /* BLBannerManager.m */ = {isa = PBXFileReference; fileEncoding = 4; lastKnownFileType = sourcecode.c.objc; path = BLBannerManager.m; sourceTree = "<group>"; };
		F112E88219A8C378009F70B4 /* StoreKit.framework */ = {isa = PBXFileReference; lastKnownFileType = wrapper.framework; name = StoreKit.framework; path = System/Library/Frameworks/StoreKit.framework; sourceTree = SDKROOT; };
		F112E88419A8C3D7009F70B4 /* BLInAppManager.h */ = {isa = PBXFileReference; fileEncoding = 4; lastKnownFileType = sourcecode.c.h; path = BLInAppManager.h; sourceTree = "<group>"; };
		F112E88519A8C3D7009F70B4 /* BLInAppManager.m */ = {isa = PBXFileReference; fileEncoding = 4; lastKnownFileType = sourcecode.c.objc; path = BLInAppManager.m; sourceTree = "<group>"; };
		F1235E201A00917D001284EB /* GameKit.framework */ = {isa = PBXFileReference; lastKnownFileType = wrapper.framework; name = GameKit.framework; path = System/Library/Frameworks/GameKit.framework; sourceTree = SDKROOT; };
		F1269B8419C5F0B600A89099 /* BLController.h */ = {isa = PBXFileReference; fileEncoding = 4; lastKnownFileType = sourcecode.c.h; path = BLController.h; sourceTree = "<group>"; };
		F1269B8519C5F0B600A89099 /* BLController.m */ = {isa = PBXFileReference; fileEncoding = 4; lastKnownFileType = sourcecode.c.objc; path = BLController.m; sourceTree = "<group>"; };
		F16171D319C7B49400FA9A07 /* BLTransaction.h */ = {isa = PBXFileReference; fileEncoding = 4; lastKnownFileType = sourcecode.c.h; path = BLTransaction.h; sourceTree = "<group>"; };
		F16171D419C7B49400FA9A07 /* BLTransaction.m */ = {isa = PBXFileReference; fileEncoding = 4; lastKnownFileType = sourcecode.c.objc; path = BLTransaction.m; sourceTree = "<group>"; };
		F16968E91D2929DC0086EF89 /* GoogleService-Info.plist */ = {isa = PBXFileReference; fileEncoding = 4; lastKnownFileType = text.plist.xml; path = "GoogleService-Info.plist"; sourceTree = "<group>"; };
		F175864C1C666D5A00B54134 /* Launch Screen.storyboard */ = {isa = PBXFileReference; fileEncoding = 4; lastKnownFileType = file.storyboard; name = "Launch Screen.storyboard"; path = "brasilogos/Launch Screen.storyboard"; sourceTree = "<group>"; };
		F19505F21995CD9600A94FD1 /* BLConstants.h */ = {isa = PBXFileReference; fileEncoding = 4; lastKnownFileType = sourcecode.c.h; path = BLConstants.h; sourceTree = "<group>"; };
		F19505F51995CDB800A94FD1 /* BLStyling.h */ = {isa = PBXFileReference; fileEncoding = 4; lastKnownFileType = sourcecode.c.h; path = BLStyling.h; sourceTree = "<group>"; };
		F19505F61995CDB800A94FD1 /* BLStyling.m */ = {isa = PBXFileReference; fileEncoding = 4; lastKnownFileType = sourcecode.c.objc; path = BLStyling.m; sourceTree = "<group>"; };
		F1A0B6DA1C675FAA00D55D0D /* BLLogosListViewController.h */ = {isa = PBXFileReference; fileEncoding = 4; lastKnownFileType = sourcecode.c.h; path = BLLogosListViewController.h; sourceTree = "<group>"; };
		F1A0B6DB1C675FAA00D55D0D /* BLLogosListViewController.m */ = {isa = PBXFileReference; fileEncoding = 4; lastKnownFileType = sourcecode.c.objc; path = BLLogosListViewController.m; sourceTree = "<group>"; };
		F1A343B31F9178BA0046EA5A /* BLBaseViewController.h */ = {isa = PBXFileReference; lastKnownFileType = sourcecode.c.h; path = BLBaseViewController.h; sourceTree = "<group>"; };
		F1A343B41F9178BA0046EA5A /* BLBaseViewController.m */ = {isa = PBXFileReference; lastKnownFileType = sourcecode.c.objc; path = BLBaseViewController.m; sourceTree = "<group>"; };
		F1AD905B199FB6EA0071E256 /* BLLogoStatus.h */ = {isa = PBXFileReference; fileEncoding = 4; lastKnownFileType = sourcecode.c.h; path = BLLogoStatus.h; sourceTree = "<group>"; };
		F1AD905C199FB6EA0071E256 /* BLLogoStatus.m */ = {isa = PBXFileReference; fileEncoding = 4; lastKnownFileType = sourcecode.c.objc; path = BLLogoStatus.m; sourceTree = "<group>"; };
		F1AD905E199FB7BD0071E256 /* BLDatabaseManager.h */ = {isa = PBXFileReference; fileEncoding = 4; lastKnownFileType = sourcecode.c.h; path = BLDatabaseManager.h; sourceTree = "<group>"; };
		F1AD905F199FB7BD0071E256 /* BLDatabaseManager.m */ = {isa = PBXFileReference; fileEncoding = 4; lastKnownFileType = sourcecode.c.objc; path = BLDatabaseManager.m; sourceTree = "<group>"; };
		F1AD9061199FBCFA0071E256 /* BLScore.h */ = {isa = PBXFileReference; fileEncoding = 4; lastKnownFileType = sourcecode.c.h; path = BLScore.h; sourceTree = "<group>"; };
		F1AD9062199FBCFA0071E256 /* BLScore.m */ = {isa = PBXFileReference; fileEncoding = 4; lastKnownFileType = sourcecode.c.objc; path = BLScore.m; sourceTree = "<group>"; };
		F1AD9064199FBD530071E256 /* BLUser.h */ = {isa = PBXFileReference; fileEncoding = 4; lastKnownFileType = sourcecode.c.h; path = BLUser.h; sourceTree = "<group>"; };
		F1AD9065199FBD530071E256 /* BLUser.m */ = {isa = PBXFileReference; fileEncoding = 4; lastKnownFileType = sourcecode.c.objc; path = BLUser.m; sourceTree = "<group>"; };
		F1AD9067199FCBD20071E256 /* BLWallet.h */ = {isa = PBXFileReference; fileEncoding = 4; lastKnownFileType = sourcecode.c.h; path = BLWallet.h; sourceTree = "<group>"; };
		F1AD9068199FCBD20071E256 /* BLWallet.m */ = {isa = PBXFileReference; fileEncoding = 4; lastKnownFileType = sourcecode.c.objc; path = BLWallet.m; sourceTree = "<group>"; };
		F1AD906A199FD35D0071E256 /* BLGameManager.h */ = {isa = PBXFileReference; fileEncoding = 4; lastKnownFileType = sourcecode.c.h; path = BLGameManager.h; sourceTree = "<group>"; };
		F1AD906B199FD35D0071E256 /* BLGameManager.m */ = {isa = PBXFileReference; fileEncoding = 4; lastKnownFileType = sourcecode.c.objc; path = BLGameManager.m; sourceTree = "<group>"; };
		F1B837B322916A22008EFAF8 /* AppDelegate.swift */ = {isa = PBXFileReference; lastKnownFileType = sourcecode.swift; path = AppDelegate.swift; sourceTree = "<group>"; };
		F1CA0A5020F22D800051CC1C /* brasilogos-Bridging-Header.h */ = {isa = PBXFileReference; lastKnownFileType = sourcecode.c.h; name = "brasilogos-Bridging-Header.h"; path = "brasilogos/brasilogos-Bridging-Header.h"; sourceTree = "<group>"; };
		F1CA0A5120F22D810051CC1C /* MenuViewController.swift */ = {isa = PBXFileReference; lastKnownFileType = sourcecode.swift; name = MenuViewController.swift; path = UI/Menu/MenuViewController.swift; sourceTree = "<group>"; };
		F1CA0A5420F22D9F0051CC1C /* MenuViewModel.swift */ = {isa = PBXFileReference; lastKnownFileType = sourcecode.swift; name = MenuViewModel.swift; path = UI/Menu/MenuViewModel.swift; sourceTree = "<group>"; };
		F1CA0A5820F22E700051CC1C /* ApplicationCoordinator.swift */ = {isa = PBXFileReference; lastKnownFileType = sourcecode.swift; name = ApplicationCoordinator.swift; path = Business/Coordinators/ApplicationCoordinator.swift; sourceTree = "<group>"; };
		F1CA0A5B20F22EA70051CC1C /* Coordinator.swift */ = {isa = PBXFileReference; lastKnownFileType = sourcecode.swift; name = Coordinator.swift; path = Protocols/Coordinator.swift; sourceTree = "<group>"; };
		F1CA0A5D20F2C5250051CC1C /* AboutCoordinator.swift */ = {isa = PBXFileReference; lastKnownFileType = sourcecode.swift; name = AboutCoordinator.swift; path = Business/Coordinators/AboutCoordinator.swift; sourceTree = "<group>"; };
		F1CA0A6020F2C6070051CC1C /* AboutViewController.swift */ = {isa = PBXFileReference; lastKnownFileType = sourcecode.swift; name = AboutViewController.swift; path = UI/About/AboutViewController.swift; sourceTree = "<group>"; };
		F1CA0A6220F2C6F70051CC1C /* AboutViewModel.swift */ = {isa = PBXFileReference; lastKnownFileType = sourcecode.swift; name = AboutViewModel.swift; path = UI/About/AboutViewModel.swift; sourceTree = "<group>"; };
		F1CA0A6520F3F4340051CC1C /* EmailHandler.swift */ = {isa = PBXFileReference; lastKnownFileType = sourcecode.swift; name = EmailHandler.swift; path = Handlers/EmailHandler.swift; sourceTree = "<group>"; };
		F1CA0A6720F3FB4C0051CC1C /* Toaster.swift */ = {isa = PBXFileReference; lastKnownFileType = sourcecode.swift; name = Toaster.swift; path = Protocols/Toaster.swift; sourceTree = "<group>"; };
		F1CD24E81A392DBE00DD6A8B /* GameCenterManager.h */ = {isa = PBXFileReference; fileEncoding = 4; lastKnownFileType = sourcecode.c.h; path = GameCenterManager.h; sourceTree = "<group>"; };
		F1CD24E91A392DBE00DD6A8B /* GameCenterManager.m */ = {isa = PBXFileReference; fileEncoding = 4; lastKnownFileType = sourcecode.c.objc; path = GameCenterManager.m; sourceTree = "<group>"; };
		F1D86B71218CA641001B394F /* LogoParser.swift */ = {isa = PBXFileReference; lastKnownFileType = sourcecode.swift; name = LogoParser.swift; path = Business/Model/LogoParser.swift; sourceTree = "<group>"; };
		F1DCDEB419CDA8D40038441C /* BLAlertOverlayViewController.h */ = {isa = PBXFileReference; fileEncoding = 4; lastKnownFileType = sourcecode.c.h; path = BLAlertOverlayViewController.h; sourceTree = "<group>"; };
		F1DCDEB519CDA8D40038441C /* BLAlertOverlayViewController.m */ = {isa = PBXFileReference; fileEncoding = 4; lastKnownFileType = sourcecode.c.objc; path = BLAlertOverlayViewController.m; sourceTree = "<group>"; };
		F1E71B7A21908A6F0033C441 /* LevelTableViewCell.swift */ = {isa = PBXFileReference; lastKnownFileType = sourcecode.swift; name = LevelTableViewCell.swift; path = UI/Views/LevelTableViewCell.swift; sourceTree = "<group>"; };
		F1E71B7C2190A12A0033C441 /* LevelCoordinator.swift */ = {isa = PBXFileReference; lastKnownFileType = sourcecode.swift; name = LevelCoordinator.swift; path = Business/Coordinators/LevelCoordinator.swift; sourceTree = "<group>"; };
		F1E71B7E2190A13D0033C441 /* ShoppingCoordinator.swift */ = {isa = PBXFileReference; lastKnownFileType = sourcecode.swift; name = ShoppingCoordinator.swift; path = Business/Coordinators/ShoppingCoordinator.swift; sourceTree = "<group>"; };
		F1E71B812190A4AD0033C441 /* LevelViewController.swift */ = {isa = PBXFileReference; lastKnownFileType = sourcecode.swift; name = LevelViewController.swift; path = UI/Level/LevelViewController.swift; sourceTree = "<group>"; };
		F1E71B832190A4D00033C441 /* LevelViewModel.swift */ = {isa = PBXFileReference; lastKnownFileType = sourcecode.swift; name = LevelViewModel.swift; path = UI/Level/LevelViewModel.swift; sourceTree = "<group>"; };
		F1E71B852190ACAE0033C441 /* LevelCollectionViewManager.swift */ = {isa = PBXFileReference; lastKnownFileType = sourcecode.swift; name = LevelCollectionViewManager.swift; path = UI/Level/LevelCollectionViewManager.swift; sourceTree = "<group>"; };
		F1E71B872190ADD80033C441 /* LogoCollectionViewCell.swift */ = {isa = PBXFileReference; lastKnownFileType = sourcecode.swift; name = LogoCollectionViewCell.swift; path = UI/Views/LogoCollectionViewCell.swift; sourceTree = "<group>"; };
		F1E75DDE20F5545900884845 /* Main.storyboard */ = {isa = PBXFileReference; fileEncoding = 4; lastKnownFileType = file.storyboard; name = Main.storyboard; path = brasilogos/Main.storyboard; sourceTree = "<group>"; };
		F1EF70B220F2399700D909AF /* MenuCoordinator.swift */ = {isa = PBXFileReference; lastKnownFileType = sourcecode.swift; name = MenuCoordinator.swift; path = Business/Coordinators/MenuCoordinator.swift; sourceTree = "<group>"; };
		F1EF7CC22105351F00FB61FC /* brasilogosUnitTests.xctest */ = {isa = PBXFileReference; explicitFileType = wrapper.cfbundle; includeInIndex = 0; path = brasilogosUnitTests.xctest; sourceTree = BUILT_PRODUCTS_DIR; };
		F1EF7CC42105351F00FB61FC /* brasilogosUnitTests.swift */ = {isa = PBXFileReference; lastKnownFileType = sourcecode.swift; path = brasilogosUnitTests.swift; sourceTree = "<group>"; };
		F1EF7CC62105351F00FB61FC /* Info.plist */ = {isa = PBXFileReference; lastKnownFileType = text.plist.xml; path = Info.plist; sourceTree = "<group>"; };
		F1EF7CD02105355C00FB61FC /* brasilogosUITests.xctest */ = {isa = PBXFileReference; explicitFileType = wrapper.cfbundle; includeInIndex = 0; path = brasilogosUITests.xctest; sourceTree = BUILT_PRODUCTS_DIR; };
		F1EF7CD22105355C00FB61FC /* brasilogosUITests.swift */ = {isa = PBXFileReference; lastKnownFileType = sourcecode.swift; path = brasilogosUITests.swift; sourceTree = "<group>"; };
		F1EF7CD42105355C00FB61FC /* Info.plist */ = {isa = PBXFileReference; lastKnownFileType = text.plist.xml; path = Info.plist; sourceTree = "<group>"; };
		F1F4CC6F20FA91C100750EB6 /* LevelListViewController.swift */ = {isa = PBXFileReference; lastKnownFileType = sourcecode.swift; name = LevelListViewController.swift; path = UI/LevelList/LevelListViewController.swift; sourceTree = "<group>"; };
		F1F4CC7120FA91DB00750EB6 /* LevelListViewModel.swift */ = {isa = PBXFileReference; lastKnownFileType = sourcecode.swift; name = LevelListViewModel.swift; path = UI/LevelList/LevelListViewModel.swift; sourceTree = "<group>"; };
		F1F4CC7320FA925700750EB6 /* LevelListTableViewManager.swift */ = {isa = PBXFileReference; lastKnownFileType = sourcecode.swift; name = LevelListTableViewManager.swift; path = UI/LevelList/LevelListTableViewManager.swift; sourceTree = "<group>"; };
		F1F4CC7620FA96B800750EB6 /* Level.swift */ = {isa = PBXFileReference; lastKnownFileType = sourcecode.swift; name = Level.swift; path = Business/Model/Level.swift; sourceTree = "<group>"; };
		F1F4CC7820FA96EF00750EB6 /* Logo.swift */ = {isa = PBXFileReference; lastKnownFileType = sourcecode.swift; name = Logo.swift; path = Business/Model/Logo.swift; sourceTree = "<group>"; };
		F1F4CC7A20FA973A00750EB6 /* LogoStorage.swift */ = {isa = PBXFileReference; lastKnownFileType = sourcecode.swift; name = LogoStorage.swift; path = Business/Model/LogoStorage.swift; sourceTree = "<group>"; };
		F1F4CC7C20FA98C200750EB6 /* LevelListCoordinator.swift */ = {isa = PBXFileReference; lastKnownFileType = sourcecode.swift; name = LevelListCoordinator.swift; path = Business/Coordinators/LevelListCoordinator.swift; sourceTree = "<group>"; };
		F1F4CC7E20FA9C1300750EB6 /* ViewModel.swift */ = {isa = PBXFileReference; lastKnownFileType = sourcecode.swift; name = ViewModel.swift; path = Protocols/ViewModel.swift; sourceTree = "<group>"; };
		F1F8B800198E5D9300578D91 /* brasilogos.app */ = {isa = PBXFileReference; explicitFileType = wrapper.application; includeInIndex = 0; path = brasilogos.app; sourceTree = BUILT_PRODUCTS_DIR; };
		F1F8B803198E5D9300578D91 /* Foundation.framework */ = {isa = PBXFileReference; lastKnownFileType = wrapper.framework; name = Foundation.framework; path = System/Library/Frameworks/Foundation.framework; sourceTree = SDKROOT; };
		F1F8B805198E5D9300578D91 /* CoreGraphics.framework */ = {isa = PBXFileReference; lastKnownFileType = wrapper.framework; name = CoreGraphics.framework; path = System/Library/Frameworks/CoreGraphics.framework; sourceTree = SDKROOT; };
		F1F8B807198E5D9300578D91 /* UIKit.framework */ = {isa = PBXFileReference; lastKnownFileType = wrapper.framework; name = UIKit.framework; path = System/Library/Frameworks/UIKit.framework; sourceTree = SDKROOT; };
		F1F8B80B198E5D9300578D91 /* brasilogos-Info.plist */ = {isa = PBXFileReference; lastKnownFileType = text.plist.xml; path = "brasilogos-Info.plist"; sourceTree = "<group>"; };
		F1F8B80D198E5D9300578D91 /* en */ = {isa = PBXFileReference; lastKnownFileType = text.plist.strings; name = en; path = en.lproj/InfoPlist.strings; sourceTree = "<group>"; };
		F1F8B811198E5D9300578D91 /* brasilogos-Prefix.pch */ = {isa = PBXFileReference; lastKnownFileType = sourcecode.c.h; path = "brasilogos-Prefix.pch"; sourceTree = "<group>"; };
		F1F8B821198E5D9300578D91 /* Images.xcassets */ = {isa = PBXFileReference; lastKnownFileType = folder.assetcatalog; path = Images.xcassets; sourceTree = "<group>"; };
		F1F8B828198E5D9300578D91 /* XCTest.framework */ = {isa = PBXFileReference; lastKnownFileType = wrapper.framework; name = XCTest.framework; path = Library/Frameworks/XCTest.framework; sourceTree = DEVELOPER_DIR; };
/* End PBXFileReference section */

/* Begin PBXFrameworksBuildPhase section */
		F1EF7CBF2105351F00FB61FC /* Frameworks */ = {
			isa = PBXFrameworksBuildPhase;
			buildActionMask = 2147483647;
			files = (
			);
			runOnlyForDeploymentPostprocessing = 0;
		};
		F1EF7CCD2105355C00FB61FC /* Frameworks */ = {
			isa = PBXFrameworksBuildPhase;
			buildActionMask = 2147483647;
			files = (
			);
			runOnlyForDeploymentPostprocessing = 0;
		};
		F1F8B7FD198E5D9300578D91 /* Frameworks */ = {
			isa = PBXFrameworksBuildPhase;
			buildActionMask = 2147483647;
			files = (
				F112978E19A0F63900ACE7A2 /* AVFoundation.framework in Frameworks */,
				F1F8B806198E5D9300578D91 /* CoreGraphics.framework in Frameworks */,
				F1235E211A00917D001284EB /* GameKit.framework in Frameworks */,
				F1F8B808198E5D9300578D91 /* UIKit.framework in Frameworks */,
				F112E88319A8C378009F70B4 /* StoreKit.framework in Frameworks */,
				F1F8B804198E5D9300578D91 /* Foundation.framework in Frameworks */,
				5CA6FACC800CA7A739CCED8E /* libPods-brasilogos.a in Frameworks */,
			);
			runOnlyForDeploymentPostprocessing = 0;
		};
/* End PBXFrameworksBuildPhase section */

/* Begin PBXGroup section */
		446CCBD91D4506FA00602313 /* Analytics */ = {
			isa = PBXGroup;
			children = (
				44F7744E1D3AA4A700734F90 /* BLFirebaseAnalytics.h */,
				44F7744F1D3AA4A700734F90 /* BLFirebaseAnalytics.m */,
				446CCBDA1D45070D00602313 /* BLAnalytics.h */,
				446CCBDB1D45070D00602313 /* BLAnalytics.m */,
				446CCBDD1D45081C00602313 /* BLFlurryAnalytics.h */,
				446CCBDE1D45081C00602313 /* BLFlurryAnalytics.m */,
			);
			name = Analytics;
			sourceTree = "<group>";
		};
		98CC9D57650D42D98D4B5DE5 /* Pods */ = {
			isa = PBXGroup;
			children = (
				30F2EF3A2CC56244DB29C5B7 /* Pods-brasilogos.debug.xcconfig */,
				1719167C13704E4C5B2D64A3 /* Pods-brasilogos.release.xcconfig */,
			);
			name = Pods;
			sourceTree = "<group>";
		};
		F106AD1D20F54C54009E9A77 /* Views */ = {
			isa = PBXGroup;
			children = (
				F106AD1E20F54C68009E9A77 /* CustomUIButton.swift */,
				F1E71B7A21908A6F0033C441 /* LevelTableViewCell.swift */,
				F1E71B872190ADD80033C441 /* LogoCollectionViewCell.swift */,
			);
			name = Views;
			sourceTree = "<group>";
		};
		F10C63C9199ECA0E005328B2 /* Database */ = {
			isa = PBXGroup;
			children = (
				F10C63C6199EC812005328B2 /* BLJSONDatabase.h */,
				F10C63C7199EC812005328B2 /* BLJSONDatabase.m */,
				F1AD905B199FB6EA0071E256 /* BLLogoStatus.h */,
				F1AD905C199FB6EA0071E256 /* BLLogoStatus.m */,
				F1AD905E199FB7BD0071E256 /* BLDatabaseManager.h */,
				F1AD905F199FB7BD0071E256 /* BLDatabaseManager.m */,
				F1AD9061199FBCFA0071E256 /* BLScore.h */,
				F1AD9062199FBCFA0071E256 /* BLScore.m */,
				F1AD9064199FBD530071E256 /* BLUser.h */,
				F1AD9065199FBD530071E256 /* BLUser.m */,
				F1AD9067199FCBD20071E256 /* BLWallet.h */,
				F1AD9068199FCBD20071E256 /* BLWallet.m */,
				F16171D319C7B49400FA9A07 /* BLTransaction.h */,
				F16171D419C7B49400FA9A07 /* BLTransaction.m */,
			);
			name = Database;
			sourceTree = "<group>";
		};
		F10C6788199EDF29005328B2 /* final_images */ = {
			isa = PBXGroup;
			children = (
			);
			path = final_images;
			sourceTree = "<group>";
		};
		F112978019A0F47100ACE7A2 /* sound */ = {
			isa = PBXGroup;
			children = (
				F112978119A0F53C00ACE7A2 /* correct.mp3 */,
				F112978219A0F53C00ACE7A2 /* fail.mp3 */,
				F112978319A0F53C00ACE7A2 /* fbbutton.mp3 */,
				F112978419A0F53C00ACE7A2 /* fbsound.mp3 */,
				F112978519A0F53C00ACE7A2 /* pointbutton.mp3 */,
				F112978619A0F53C00ACE7A2 /* RVBCLICK.WAV */,
			);
			name = sound;
			sourceTree = "<group>";
		};
		F138FC8D20F22BDD00187F32 /* UI */ = {
			isa = PBXGroup;
			children = (
				F1E71B802190A48C0033C441 /* Level */,
				F1F4CC6E20FA918100750EB6 /* LevelList */,
				F106AD1D20F54C54009E9A77 /* Views */,
				F1CA0A5F20F2C5EB0051CC1C /* About */,
				F1CA0A5320F22D870051CC1C /* Menu */,
			);
			name = UI;
			sourceTree = "<group>";
		};
		F175864B1C665A0D00B54134 /* assets */ = {
			isa = PBXGroup;
			children = (
				F19505EF1995CBD300A94FD1 /* arts */,
				F10C6788199EDF29005328B2 /* final_images */,
				F112978019A0F47100ACE7A2 /* sound */,
			);
			name = assets;
			sourceTree = "<group>";
		};
		F19505EF1995CBD300A94FD1 /* arts */ = {
			isa = PBXGroup;
			children = (
			);
			name = arts;
			sourceTree = "<group>";
		};
		F1A0B6D51C675CFD00D55D0D /* navigation */ = {
			isa = PBXGroup;
			children = (
				F1A0B6DD1C675FB200D55D0D /* LogoGame */,
				F10C63B7199EB863005328B2 /* BLMainViewController.h */,
				F10C63B8199EB863005328B2 /* BLMainViewController.m */,
				F10C63BA199EB878005328B2 /* BLIndexLevelViewController.h */,
				F10C63BB199EB878005328B2 /* BLIndexLevelViewController.m */,
				F10C63BD199EB88D005328B2 /* BLLevelViewController.h */,
				F10C63BE199EB88D005328B2 /* BLLevelViewController.m */,
				F112978F19A10DD100ACE7A2 /* BLShoppingOverlayViewController.h */,
				F112979019A10DD100ACE7A2 /* BLShoppingOverlayViewController.m */,
				F1DCDEB419CDA8D40038441C /* BLAlertOverlayViewController.h */,
				F1DCDEB519CDA8D40038441C /* BLAlertOverlayViewController.m */,
				F1A343B31F9178BA0046EA5A /* BLBaseViewController.h */,
				F1A343B41F9178BA0046EA5A /* BLBaseViewController.m */,
			);
			name = navigation;
			sourceTree = "<group>";
		};
		F1A0B6D61C675D1000D55D0D /* Helpers */ = {
			isa = PBXGroup;
			children = (
				446CCBD91D4506FA00602313 /* Analytics */,
				F112977D19A0DB4100ACE7A2 /* Toast+UIView.h */,
				F112977E19A0DB4700ACE7A2 /* Toast+UIView.m */,
				F112979219A11E6600ACE7A2 /* BLBannerManager.h */,
				F112979319A11E6600ACE7A2 /* BLBannerManager.m */,
				F112E88419A8C3D7009F70B4 /* BLInAppManager.h */,
				F112E88519A8C3D7009F70B4 /* BLInAppManager.m */,
				F1269B8419C5F0B600A89099 /* BLController.h */,
				F1269B8519C5F0B600A89099 /* BLController.m */,
				F1AD906A199FD35D0071E256 /* BLGameManager.h */,
				F1AD906B199FD35D0071E256 /* BLGameManager.m */,
				F19505F51995CDB800A94FD1 /* BLStyling.h */,
				F19505F61995CDB800A94FD1 /* BLStyling.m */,
				F1CD24E81A392DBE00DD6A8B /* GameCenterManager.h */,
				F1CD24E91A392DBE00DD6A8B /* GameCenterManager.m */,
			);
			name = Helpers;
			sourceTree = "<group>";
		};
		F1A0B6DD1C675FB200D55D0D /* LogoGame */ = {
			isa = PBXGroup;
			children = (
				F1A0B6DA1C675FAA00D55D0D /* BLLogosListViewController.h */,
				F1A0B6DB1C675FAA00D55D0D /* BLLogosListViewController.m */,
				F10C63C0199EB8A0005328B2 /* BLLogoViewController.h */,
				F10C63C1199EB8A0005328B2 /* BLLogoViewController.m */,
			);
			name = LogoGame;
			sourceTree = "<group>";
		};
		F1CA0A5320F22D870051CC1C /* Menu */ = {
			isa = PBXGroup;
			children = (
				F1CA0A5120F22D810051CC1C /* MenuViewController.swift */,
				F1CA0A5420F22D9F0051CC1C /* MenuViewModel.swift */,
			);
			name = Menu;
			sourceTree = "<group>";
		};
		F1CA0A5620F22E1E0051CC1C /* Business */ = {
			isa = PBXGroup;
			children = (
				F1F4CC7520FA968F00750EB6 /* Model */,
				F1CA0A5720F22E250051CC1C /* Coordinators */,
				F10C63C9199ECA0E005328B2 /* Database */,
			);
			name = Business;
			sourceTree = "<group>";
		};
		F1CA0A5720F22E250051CC1C /* Coordinators */ = {
			isa = PBXGroup;
			children = (
				F1CA0A5820F22E700051CC1C /* ApplicationCoordinator.swift */,
				F1EF70B220F2399700D909AF /* MenuCoordinator.swift */,
				F1CA0A5D20F2C5250051CC1C /* AboutCoordinator.swift */,
				F1F4CC7C20FA98C200750EB6 /* LevelListCoordinator.swift */,
				F1E71B7C2190A12A0033C441 /* LevelCoordinator.swift */,
				F1E71B7E2190A13D0033C441 /* ShoppingCoordinator.swift */,
			);
			name = Coordinators;
			sourceTree = "<group>";
		};
		F1CA0A5A20F22E840051CC1C /* Protocols */ = {
			isa = PBXGroup;
			children = (
				F1CA0A5B20F22EA70051CC1C /* Coordinator.swift */,
				F1CA0A6720F3FB4C0051CC1C /* Toaster.swift */,
				F1F4CC7E20FA9C1300750EB6 /* ViewModel.swift */,
			);
			name = Protocols;
			sourceTree = "<group>";
		};
		F1CA0A5F20F2C5EB0051CC1C /* About */ = {
			isa = PBXGroup;
			children = (
				F1CA0A6020F2C6070051CC1C /* AboutViewController.swift */,
				F1CA0A6220F2C6F70051CC1C /* AboutViewModel.swift */,
			);
			name = About;
			sourceTree = "<group>";
		};
		F1CA0A6420F3F4170051CC1C /* Handlers */ = {
			isa = PBXGroup;
			children = (
				F1CA0A6520F3F4340051CC1C /* EmailHandler.swift */,
			);
			name = Handlers;
			sourceTree = "<group>";
		};
		F1E71B802190A48C0033C441 /* Level */ = {
			isa = PBXGroup;
			children = (
				F1E71B812190A4AD0033C441 /* LevelViewController.swift */,
				F1E71B832190A4D00033C441 /* LevelViewModel.swift */,
				F1E71B852190ACAE0033C441 /* LevelCollectionViewManager.swift */,
			);
			name = Level;
			sourceTree = "<group>";
		};
		F1EF70B420F23CE900D909AF /* Extensions */ = {
			isa = PBXGroup;
			children = (
			);
			name = Extensions;
			sourceTree = "<group>";
		};
		F1EF7CC32105351F00FB61FC /* brasilogosUnitTests */ = {
			isa = PBXGroup;
			children = (
				F1EF7CC42105351F00FB61FC /* brasilogosUnitTests.swift */,
				F1EF7CC62105351F00FB61FC /* Info.plist */,
			);
			path = brasilogosUnitTests;
			sourceTree = "<group>";
		};
		F1EF7CD12105355C00FB61FC /* brasilogosUITests */ = {
			isa = PBXGroup;
			children = (
				F1EF7CD22105355C00FB61FC /* brasilogosUITests.swift */,
				F1EF7CD42105355C00FB61FC /* Info.plist */,
			);
			path = brasilogosUITests;
			sourceTree = "<group>";
		};
		F1F4CC6E20FA918100750EB6 /* LevelList */ = {
			isa = PBXGroup;
			children = (
				F1F4CC6F20FA91C100750EB6 /* LevelListViewController.swift */,
				F1F4CC7120FA91DB00750EB6 /* LevelListViewModel.swift */,
				F1F4CC7320FA925700750EB6 /* LevelListTableViewManager.swift */,
			);
			name = LevelList;
			sourceTree = "<group>";
		};
		F1F4CC7520FA968F00750EB6 /* Model */ = {
			isa = PBXGroup;
			children = (
				F1F4CC7620FA96B800750EB6 /* Level.swift */,
				F1F4CC7820FA96EF00750EB6 /* Logo.swift */,
				F1F4CC7A20FA973A00750EB6 /* LogoStorage.swift */,
				F1D86B71218CA641001B394F /* LogoParser.swift */,
			);
			name = Model;
			sourceTree = "<group>";
		};
		F1F8B7F7198E5D9200578D91 = {
			isa = PBXGroup;
			children = (
				F1E75DDE20F5545900884845 /* Main.storyboard */,
				F106AD2220F550A0009E9A77 /* Localizable.strings */,
				F1CA0A5020F22D800051CC1C /* brasilogos-Bridging-Header.h */,
				F175864C1C666D5A00B54134 /* Launch Screen.storyboard */,
				F10C63B5199EA825005328B2 /* db.json */,
				F1F8B809198E5D9300578D91 /* brasilogos */,
				F1EF7CC32105351F00FB61FC /* brasilogosUnitTests */,
				F1EF7CD12105355C00FB61FC /* brasilogosUITests */,
				F1F8B802198E5D9300578D91 /* Frameworks */,
				F1F8B801198E5D9300578D91 /* Products */,
				98CC9D57650D42D98D4B5DE5 /* Pods */,
			);
			sourceTree = "<group>";
		};
		F1F8B801198E5D9300578D91 /* Products */ = {
			isa = PBXGroup;
			children = (
				F1F8B800198E5D9300578D91 /* brasilogos.app */,
				F1EF7CC22105351F00FB61FC /* brasilogosUnitTests.xctest */,
				F1EF7CD02105355C00FB61FC /* brasilogosUITests.xctest */,
			);
			name = Products;
			sourceTree = "<group>";
		};
		F1F8B802198E5D9300578D91 /* Frameworks */ = {
			isa = PBXGroup;
			children = (
				F1235E201A00917D001284EB /* GameKit.framework */,
				F112E88219A8C378009F70B4 /* StoreKit.framework */,
				F112978D19A0F63900ACE7A2 /* AVFoundation.framework */,
				F1F8B803198E5D9300578D91 /* Foundation.framework */,
				F1F8B805198E5D9300578D91 /* CoreGraphics.framework */,
				F1F8B807198E5D9300578D91 /* UIKit.framework */,
				F1F8B828198E5D9300578D91 /* XCTest.framework */,
				1965C534B08CFA16223406B2 /* libPods-brasilogos.a */,
			);
			name = Frameworks;
			sourceTree = "<group>";
		};
		F1F8B809198E5D9300578D91 /* brasilogos */ = {
			isa = PBXGroup;
			children = (
				F1CA0A6420F3F4170051CC1C /* Handlers */,
				F1EF70B420F23CE900D909AF /* Extensions */,
				F1CA0A5A20F22E840051CC1C /* Protocols */,
				F1CA0A5620F22E1E0051CC1C /* Business */,
				F138FC8D20F22BDD00187F32 /* UI */,
				F16968E91D2929DC0086EF89 /* GoogleService-Info.plist */,
				F175864B1C665A0D00B54134 /* assets */,
				F1A0B6D61C675D1000D55D0D /* Helpers */,
				F1A0B6D51C675CFD00D55D0D /* navigation */,
				F1F8B821198E5D9300578D91 /* Images.xcassets */,
				F1F8B80A198E5D9300578D91 /* Supporting Files */,
				F19505F21995CD9600A94FD1 /* BLConstants.h */,
				F1B837B322916A22008EFAF8 /* AppDelegate.swift */,
			);
			path = brasilogos;
			sourceTree = "<group>";
		};
		F1F8B80A198E5D9300578D91 /* Supporting Files */ = {
			isa = PBXGroup;
			children = (
				F1F8B80B198E5D9300578D91 /* brasilogos-Info.plist */,
				F1F8B80C198E5D9300578D91 /* InfoPlist.strings */,
				F1F8B811198E5D9300578D91 /* brasilogos-Prefix.pch */,
			);
			name = "Supporting Files";
			sourceTree = "<group>";
		};
/* End PBXGroup section */

/* Begin PBXNativeTarget section */
		F1EF7CC12105351F00FB61FC /* brasilogosUnitTests */ = {
			isa = PBXNativeTarget;
			buildConfigurationList = F1EF7CC92105351F00FB61FC /* Build configuration list for PBXNativeTarget "brasilogosUnitTests" */;
			buildPhases = (
				F1EF7CBE2105351F00FB61FC /* Sources */,
				F1EF7CBF2105351F00FB61FC /* Frameworks */,
				F1EF7CC02105351F00FB61FC /* Resources */,
			);
			buildRules = (
			);
			dependencies = (
				F1EF7CC82105351F00FB61FC /* PBXTargetDependency */,
			);
			name = brasilogosUnitTests;
			productName = brasilogosUnitTests;
			productReference = F1EF7CC22105351F00FB61FC /* brasilogosUnitTests.xctest */;
			productType = "com.apple.product-type.bundle.unit-test";
		};
		F1EF7CCF2105355C00FB61FC /* brasilogosUITests */ = {
			isa = PBXNativeTarget;
			buildConfigurationList = F1EF7CD72105355C00FB61FC /* Build configuration list for PBXNativeTarget "brasilogosUITests" */;
			buildPhases = (
				F1EF7CCC2105355C00FB61FC /* Sources */,
				F1EF7CCD2105355C00FB61FC /* Frameworks */,
				F1EF7CCE2105355C00FB61FC /* Resources */,
			);
			buildRules = (
			);
			dependencies = (
				F1EF7CD62105355C00FB61FC /* PBXTargetDependency */,
			);
			name = brasilogosUITests;
			productName = brasilogosUITests;
			productReference = F1EF7CD02105355C00FB61FC /* brasilogosUITests.xctest */;
			productType = "com.apple.product-type.bundle.ui-testing";
		};
		F1F8B7FF198E5D9300578D91 /* brasilogos */ = {
			isa = PBXNativeTarget;
			buildConfigurationList = F1F8B838198E5D9300578D91 /* Build configuration list for PBXNativeTarget "brasilogos" */;
			buildPhases = (
				567CAA2EA351EFE02E69D0F8 /* [CP] Check Pods Manifest.lock */,
				F1F8B7FC198E5D9300578D91 /* Sources */,
				F1F8B7FD198E5D9300578D91 /* Frameworks */,
				F1F8B7FE198E5D9300578D91 /* Resources */,
				OBJCLEANCUSTOMRUNSCRIPTT /* Objective-Clean Run Script */,
				44CE497D1C8CF3B200AF38D7 /* ShellScript */,
			);
			buildRules = (
			);
			dependencies = (
			);
			name = brasilogos;
			productName = brasilogos;
			productReference = F1F8B800198E5D9300578D91 /* brasilogos.app */;
			productType = "com.apple.product-type.application";
		};
/* End PBXNativeTarget section */

/* Begin PBXProject section */
		F1F8B7F8198E5D9200578D91 /* Project object */ = {
			isa = PBXProject;
			attributes = {
				CLASSPREFIX = BL;
				LastSwiftUpdateCheck = 1000;
				LastUpgradeCheck = 1010;
				ORGANIZATIONNAME = MobWiz;
				TargetAttributes = {
					F1EF7CC12105351F00FB61FC = {
						CreatedOnToolsVersion = 10.0;
						LastSwiftMigration = 1020;
						ProvisioningStyle = Automatic;
						TestTargetID = F1F8B7FF198E5D9300578D91;
					};
					F1EF7CCF2105355C00FB61FC = {
						CreatedOnToolsVersion = 10.0;
						LastSwiftMigration = 1020;
						ProvisioningStyle = Manual;
						TestTargetID = F1F8B7FF198E5D9300578D91;
					};
					F1F8B7FF198E5D9300578D91 = {
						DevelopmentTeam = QX2M8PE6QE;
						LastSwiftMigration = 1000;
						ProvisioningStyle = Manual;
						SystemCapabilities = {
							com.apple.GameCenter = {
								enabled = 1;
							};
							com.apple.InAppPurchase = {
								enabled = 1;
							};
						};
					};
				};
			};
			buildConfigurationList = F1F8B7FB198E5D9200578D91 /* Build configuration list for PBXProject "brasilogos" */;
			compatibilityVersion = "Xcode 3.2";
			developmentRegion = English;
			hasScannedForEncodings = 0;
			knownRegions = (
				English,
				en,
				"pt-BR",
			);
			mainGroup = F1F8B7F7198E5D9200578D91;
			productRefGroup = F1F8B801198E5D9300578D91 /* Products */;
			projectDirPath = "";
			projectRoot = "";
			targets = (
				F1F8B7FF198E5D9300578D91 /* brasilogos */,
				F1EF7CC12105351F00FB61FC /* brasilogosUnitTests */,
				F1EF7CCF2105355C00FB61FC /* brasilogosUITests */,
			);
		};
/* End PBXProject section */

/* Begin PBXResourcesBuildPhase section */
		F1EF7CC02105351F00FB61FC /* Resources */ = {
			isa = PBXResourcesBuildPhase;
			buildActionMask = 2147483647;
			files = (
			);
			runOnlyForDeploymentPostprocessing = 0;
		};
		F1EF7CCE2105355C00FB61FC /* Resources */ = {
			isa = PBXResourcesBuildPhase;
			buildActionMask = 2147483647;
			files = (
			);
			runOnlyForDeploymentPostprocessing = 0;
		};
		F1F8B7FE198E5D9300578D91 /* Resources */ = {
			isa = PBXResourcesBuildPhase;
			buildActionMask = 2147483647;
			files = (
				F175864D1C666D5A00B54134 /* Launch Screen.storyboard in Resources */,
				F16968EA1D2929DC0086EF89 /* GoogleService-Info.plist in Resources */,
				F106AD2420F550A0009E9A77 /* Localizable.strings in Resources */,
				F1F8B822198E5D9300578D91 /* Images.xcassets in Resources */,
				F112978C19A0F53C00ACE7A2 /* RVBCLICK.WAV in Resources */,
				F112978719A0F53C00ACE7A2 /* correct.mp3 in Resources */,
				F112978A19A0F53C00ACE7A2 /* fbsound.mp3 in Resources */,
				F1E75DDF20F5545A00884845 /* Main.storyboard in Resources */,
				F10C63B6199EA825005328B2 /* db.json in Resources */,
				F112978B19A0F53C00ACE7A2 /* pointbutton.mp3 in Resources */,
				F112978819A0F53C00ACE7A2 /* fail.mp3 in Resources */,
				F1F8B80E198E5D9300578D91 /* InfoPlist.strings in Resources */,
				F112978919A0F53C00ACE7A2 /* fbbutton.mp3 in Resources */,
			);
			runOnlyForDeploymentPostprocessing = 0;
		};
/* End PBXResourcesBuildPhase section */

/* Begin PBXShellScriptBuildPhase section */
		44CE497D1C8CF3B200AF38D7 /* ShellScript */ = {
			isa = PBXShellScriptBuildPhase;
			buildActionMask = 2147483647;
			files = (
			);
			inputPaths = (
			);
			outputPaths = (
			);
			runOnlyForDeploymentPostprocessing = 0;
			shellPath = /bin/sh;
			shellScript = "\"${PODS_ROOT}/Fabric/run\" ec5efe51f609825d79487cb10744bb30708a36ab 94daeec529cf5779974bcf12e14a8f937f515cee67f9b5da1b7a92b3781386e5\n";
		};
		567CAA2EA351EFE02E69D0F8 /* [CP] Check Pods Manifest.lock */ = {
			isa = PBXShellScriptBuildPhase;
			buildActionMask = 2147483647;
			files = (
			);
			inputPaths = (
				"${PODS_PODFILE_DIR_PATH}/Podfile.lock",
				"${PODS_ROOT}/Manifest.lock",
			);
			name = "[CP] Check Pods Manifest.lock";
			outputPaths = (
				"$(DERIVED_FILE_DIR)/Pods-brasilogos-checkManifestLockResult.txt",
			);
			runOnlyForDeploymentPostprocessing = 0;
			shellPath = /bin/sh;
			shellScript = "diff \"${PODS_PODFILE_DIR_PATH}/Podfile.lock\" \"${PODS_ROOT}/Manifest.lock\" > /dev/null\nif [ $? != 0 ] ; then\n    # print error to STDERR\n    echo \"error: The sandbox is not in sync with the Podfile.lock. Run 'pod install' or update your CocoaPods installation.\" >&2\n    exit 1\nfi\n# This output is used by Xcode 'outputs' to avoid re-running this script phase.\necho \"SUCCESS\" > \"${SCRIPT_OUTPUT_FILE_0}\"\n";
			showEnvVarsInLog = 0;
		};
		OBJCLEANCUSTOMRUNSCRIPTT /* Objective-Clean Run Script */ = {
			isa = PBXShellScriptBuildPhase;
			buildActionMask = 2147483647;
			files = (
			);
			inputPaths = (
			);
			name = "Objective-Clean Run Script";
			outputPaths = (
			);
			runOnlyForDeploymentPostprocessing = 0;
			shellPath = /bin/bash;
			shellScript = "if [[ -z ${SKIP_OBJCLEAN} || ${SKIP_OBJCLEAN} != 1 ]]; then\nif [[ -d \"${LOCAL_APPS_DIR}/Objective-Clean.app\" ]]; then \n\"${LOCAL_APPS_DIR}\"/Objective-Clean.app/Contents/Resources/ObjClean.app/Contents/MacOS/ObjClean \"${SRCROOT}\"?BL \nelse\necho \"warning: You have to install and set up Objective-Clean to use its features!\" \nfi\nfi";
		};
/* End PBXShellScriptBuildPhase section */

/* Begin PBXSourcesBuildPhase section */
		F1EF7CBE2105351F00FB61FC /* Sources */ = {
			isa = PBXSourcesBuildPhase;
			buildActionMask = 2147483647;
			files = (
				F1EF7CC52105351F00FB61FC /* brasilogosUnitTests.swift in Sources */,
			);
			runOnlyForDeploymentPostprocessing = 0;
		};
		F1EF7CCC2105355C00FB61FC /* Sources */ = {
			isa = PBXSourcesBuildPhase;
			buildActionMask = 2147483647;
			files = (
				F1EF7CD32105355C00FB61FC /* brasilogosUITests.swift in Sources */,
			);
			runOnlyForDeploymentPostprocessing = 0;
		};
		F1F8B7FC198E5D9300578D91 /* Sources */ = {
			isa = PBXSourcesBuildPhase;
			buildActionMask = 2147483647;
			files = (
				F1E71B7F2190A13D0033C441 /* ShoppingCoordinator.swift in Sources */,
				F112979419A11E6600ACE7A2 /* BLBannerManager.m in Sources */,
				F1D86B72218CA641001B394F /* LogoParser.swift in Sources */,
				F1269B8619C5F0B600A89099 /* BLController.m in Sources */,
				F19505F71995CDB800A94FD1 /* BLStyling.m in Sources */,
				F1F4CC7220FA91DB00750EB6 /* LevelListViewModel.swift in Sources */,
				F112E88619A8C3D7009F70B4 /* BLInAppManager.m in Sources */,
				F10C63BF199EB88D005328B2 /* BLLevelViewController.m in Sources */,
				F1EF70B320F2399700D909AF /* MenuCoordinator.swift in Sources */,
				F1CA0A6820F3FB4C0051CC1C /* Toaster.swift in Sources */,
				F1A0B6DC1C675FAA00D55D0D /* BLLogosListViewController.m in Sources */,
				F1AD9060199FB7BD0071E256 /* BLDatabaseManager.m in Sources */,
				F10C63C8199EC812005328B2 /* BLJSONDatabase.m in Sources */,
				F1CA0A5220F22D810051CC1C /* MenuViewController.swift in Sources */,
				F1E71B7B21908A6F0033C441 /* LevelTableViewCell.swift in Sources */,
				F1E71B7D2190A12A0033C441 /* LevelCoordinator.swift in Sources */,
				446CCBDC1D45070D00602313 /* BLAnalytics.m in Sources */,
				F1E71B822190A4AD0033C441 /* LevelViewController.swift in Sources */,
				F112977F19A0DB4700ACE7A2 /* Toast+UIView.m in Sources */,
				F1B837B422916A22008EFAF8 /* AppDelegate.swift in Sources */,
				F112979119A10DD100ACE7A2 /* BLShoppingOverlayViewController.m in Sources */,
				F1CA0A6320F2C6F70051CC1C /* AboutViewModel.swift in Sources */,
				F1AD9066199FBD530071E256 /* BLUser.m in Sources */,
				F1E71B842190A4D00033C441 /* LevelViewModel.swift in Sources */,
				F10C63B9199EB863005328B2 /* BLMainViewController.m in Sources */,
				F1CA0A5E20F2C5250051CC1C /* AboutCoordinator.swift in Sources */,
				F106AD1F20F54C68009E9A77 /* CustomUIButton.swift in Sources */,
				F1CA0A5C20F22EA70051CC1C /* Coordinator.swift in Sources */,
				F16171D519C7B49400FA9A07 /* BLTransaction.m in Sources */,
				F1E71B862190ACAE0033C441 /* LevelCollectionViewManager.swift in Sources */,
				F10C63BC199EB878005328B2 /* BLIndexLevelViewController.m in Sources */,
				F1F4CC7920FA96EF00750EB6 /* Logo.swift in Sources */,
				F1AD9063199FBCFA0071E256 /* BLScore.m in Sources */,
				F1AD9069199FCBD20071E256 /* BLWallet.m in Sources */,
				F1F4CC7F20FA9C1300750EB6 /* ViewModel.swift in Sources */,
				F1AD906C199FD35D0071E256 /* BLGameManager.m in Sources */,
				F1A343B51F9178BA0046EA5A /* BLBaseViewController.m in Sources */,
				F1F4CC7B20FA973A00750EB6 /* LogoStorage.swift in Sources */,
				446CCBDF1D45081C00602313 /* BLFlurryAnalytics.m in Sources */,
				F1CD24EA1A392DBE00DD6A8B /* GameCenterManager.m in Sources */,
				F1E71B882190ADD80033C441 /* LogoCollectionViewCell.swift in Sources */,
				F1F4CC7420FA925700750EB6 /* LevelListTableViewManager.swift in Sources */,
				44F774501D3AA4A700734F90 /* BLFirebaseAnalytics.m in Sources */,
				F1CA0A6120F2C6070051CC1C /* AboutViewController.swift in Sources */,
				F1F4CC7D20FA98C200750EB6 /* LevelListCoordinator.swift in Sources */,
				F1AD905D199FB6EA0071E256 /* BLLogoStatus.m in Sources */,
				F1DCDEB619CDA8D40038441C /* BLAlertOverlayViewController.m in Sources */,
				F1F4CC7020FA91C100750EB6 /* LevelListViewController.swift in Sources */,
				F1F4CC7720FA96B800750EB6 /* Level.swift in Sources */,
				F10C63C2199EB8A0005328B2 /* BLLogoViewController.m in Sources */,
				F1CA0A6620F3F4340051CC1C /* EmailHandler.swift in Sources */,
				F1CA0A5520F22D9F0051CC1C /* MenuViewModel.swift in Sources */,
				F1CA0A5920F22E700051CC1C /* ApplicationCoordinator.swift in Sources */,
			);
			runOnlyForDeploymentPostprocessing = 0;
		};
/* End PBXSourcesBuildPhase section */

/* Begin PBXTargetDependency section */
		F1EF7CC82105351F00FB61FC /* PBXTargetDependency */ = {
			isa = PBXTargetDependency;
			target = F1F8B7FF198E5D9300578D91 /* brasilogos */;
			targetProxy = F1EF7CC72105351F00FB61FC /* PBXContainerItemProxy */;
		};
		F1EF7CD62105355C00FB61FC /* PBXTargetDependency */ = {
			isa = PBXTargetDependency;
			target = F1F8B7FF198E5D9300578D91 /* brasilogos */;
			targetProxy = F1EF7CD52105355C00FB61FC /* PBXContainerItemProxy */;
		};
/* End PBXTargetDependency section */

/* Begin PBXVariantGroup section */
		F106AD2220F550A0009E9A77 /* Localizable.strings */ = {
			isa = PBXVariantGroup;
			children = (
				F106AD2520F550A7009E9A77 /* en */,
				F106AD2620F550A9009E9A77 /* pt-BR */,
			);
			name = Localizable.strings;
			sourceTree = "<group>";
		};
		F1F8B80C198E5D9300578D91 /* InfoPlist.strings */ = {
			isa = PBXVariantGroup;
			children = (
				F1F8B80D198E5D9300578D91 /* en */,
				F106AD2020F5500C009E9A77 /* pt-BR */,
			);
			name = InfoPlist.strings;
			sourceTree = "<group>";
		};
/* End PBXVariantGroup section */

/* Begin XCBuildConfiguration section */
		F1EF7CCA2105351F00FB61FC /* Debug */ = {
			isa = XCBuildConfiguration;
			buildSettings = {
				BUNDLE_LOADER = "$(TEST_HOST)";
				CLANG_ANALYZER_NONNULL = YES;
				CLANG_ANALYZER_NUMBER_OBJECT_CONVERSION = YES_AGGRESSIVE;
				CLANG_CXX_LANGUAGE_STANDARD = "gnu++14";
				CLANG_ENABLE_OBJC_WEAK = YES;
				CLANG_WARN_BLOCK_CAPTURE_AUTORELEASING = YES;
				CLANG_WARN_COMMA = YES;
				CLANG_WARN_DEPRECATED_OBJC_IMPLEMENTATIONS = YES;
				CLANG_WARN_DOCUMENTATION_COMMENTS = YES;
				CLANG_WARN_NON_LITERAL_NULL_CONVERSION = YES;
				CLANG_WARN_OBJC_IMPLICIT_RETAIN_SELF = YES;
				CLANG_WARN_OBJC_LITERAL_CONVERSION = YES;
				CLANG_WARN_RANGE_LOOP_ANALYSIS = YES;
				CLANG_WARN_STRICT_PROTOTYPES = YES;
				CLANG_WARN_UNGUARDED_AVAILABILITY = YES_AGGRESSIVE;
				CODE_SIGN_IDENTITY = "iPhone Developer";
				CODE_SIGN_STYLE = Automatic;
				DEBUG_INFORMATION_FORMAT = dwarf;
				GCC_C_LANGUAGE_STANDARD = gnu11;
				INFOPLIST_FILE = brasilogosUnitTests/Info.plist;
				IPHONEOS_DEPLOYMENT_TARGET = 12.0;
				LD_RUNPATH_SEARCH_PATHS = "$(inherited) @executable_path/Frameworks @loader_path/Frameworks";
				MTL_ENABLE_DEBUG_INFO = INCLUDE_SOURCE;
				MTL_FAST_MATH = YES;
				PRODUCT_BUNDLE_IDENTIFIER = br.com.mobwiz.brasilogosUnitTests;
				PRODUCT_NAME = "$(TARGET_NAME)";
				SWIFT_ACTIVE_COMPILATION_CONDITIONS = DEBUG;
				SWIFT_OPTIMIZATION_LEVEL = "-Onone";
				SWIFT_VERSION = 5.0;
				TARGETED_DEVICE_FAMILY = "1,2";
				TEST_HOST = "$(BUILT_PRODUCTS_DIR)/brasilogos.app/brasilogos";
			};
			name = Debug;
		};
		F1EF7CCB2105351F00FB61FC /* Release */ = {
			isa = XCBuildConfiguration;
			buildSettings = {
				BUNDLE_LOADER = "$(TEST_HOST)";
				CLANG_ANALYZER_NONNULL = YES;
				CLANG_ANALYZER_NUMBER_OBJECT_CONVERSION = YES_AGGRESSIVE;
				CLANG_CXX_LANGUAGE_STANDARD = "gnu++14";
				CLANG_ENABLE_OBJC_WEAK = YES;
				CLANG_WARN_BLOCK_CAPTURE_AUTORELEASING = YES;
				CLANG_WARN_COMMA = YES;
				CLANG_WARN_DEPRECATED_OBJC_IMPLEMENTATIONS = YES;
				CLANG_WARN_DOCUMENTATION_COMMENTS = YES;
				CLANG_WARN_NON_LITERAL_NULL_CONVERSION = YES;
				CLANG_WARN_OBJC_IMPLICIT_RETAIN_SELF = YES;
				CLANG_WARN_OBJC_LITERAL_CONVERSION = YES;
				CLANG_WARN_RANGE_LOOP_ANALYSIS = YES;
				CLANG_WARN_STRICT_PROTOTYPES = YES;
				CLANG_WARN_UNGUARDED_AVAILABILITY = YES_AGGRESSIVE;
				CODE_SIGN_IDENTITY = "iPhone Developer";
				CODE_SIGN_STYLE = Automatic;
				COPY_PHASE_STRIP = NO;
				DEBUG_INFORMATION_FORMAT = "dwarf-with-dsym";
				GCC_C_LANGUAGE_STANDARD = gnu11;
				INFOPLIST_FILE = brasilogosUnitTests/Info.plist;
				IPHONEOS_DEPLOYMENT_TARGET = 12.0;
				LD_RUNPATH_SEARCH_PATHS = "$(inherited) @executable_path/Frameworks @loader_path/Frameworks";
				MTL_ENABLE_DEBUG_INFO = NO;
				MTL_FAST_MATH = YES;
				PRODUCT_BUNDLE_IDENTIFIER = br.com.mobwiz.brasilogosUnitTests;
				PRODUCT_NAME = "$(TARGET_NAME)";
				SWIFT_OPTIMIZATION_LEVEL = "-Owholemodule";
				SWIFT_VERSION = 5.0;
				TARGETED_DEVICE_FAMILY = "1,2";
				TEST_HOST = "$(BUILT_PRODUCTS_DIR)/brasilogos.app/brasilogos";
			};
			name = Release;
		};
		F1EF7CD82105355C00FB61FC /* Debug */ = {
			isa = XCBuildConfiguration;
			buildSettings = {
				CLANG_ANALYZER_NONNULL = YES;
				CLANG_ANALYZER_NUMBER_OBJECT_CONVERSION = YES_AGGRESSIVE;
				CLANG_CXX_LANGUAGE_STANDARD = "gnu++14";
				CLANG_ENABLE_OBJC_WEAK = YES;
				CLANG_WARN_BLOCK_CAPTURE_AUTORELEASING = YES;
				CLANG_WARN_COMMA = YES;
				CLANG_WARN_DEPRECATED_OBJC_IMPLEMENTATIONS = YES;
				CLANG_WARN_DOCUMENTATION_COMMENTS = YES;
				CLANG_WARN_NON_LITERAL_NULL_CONVERSION = YES;
				CLANG_WARN_OBJC_IMPLICIT_RETAIN_SELF = YES;
				CLANG_WARN_OBJC_LITERAL_CONVERSION = YES;
				CLANG_WARN_RANGE_LOOP_ANALYSIS = YES;
				CLANG_WARN_STRICT_PROTOTYPES = YES;
				CLANG_WARN_UNGUARDED_AVAILABILITY = YES_AGGRESSIVE;
				CODE_SIGN_IDENTITY = "iPhone Developer";
				CODE_SIGN_STYLE = Manual;
				DEBUG_INFORMATION_FORMAT = dwarf;
				DEVELOPMENT_TEAM = "";
				GCC_C_LANGUAGE_STANDARD = gnu11;
				INFOPLIST_FILE = brasilogosUITests/Info.plist;
				IPHONEOS_DEPLOYMENT_TARGET = 12.0;
				LD_RUNPATH_SEARCH_PATHS = "$(inherited) @executable_path/Frameworks @loader_path/Frameworks";
				MTL_ENABLE_DEBUG_INFO = INCLUDE_SOURCE;
				MTL_FAST_MATH = YES;
				PRODUCT_BUNDLE_IDENTIFIER = br.com.mobwiz.brasilogosUITests;
				PRODUCT_NAME = "$(TARGET_NAME)";
				PROVISIONING_PROFILE = "c9926b7f-3441-4d15-b968-e30501a17fb7";
				PROVISIONING_PROFILE_SPECIFIER = "";
				SWIFT_ACTIVE_COMPILATION_CONDITIONS = DEBUG;
				SWIFT_OPTIMIZATION_LEVEL = "-Onone";
				SWIFT_VERSION = 5.0;
				TARGETED_DEVICE_FAMILY = "1,2";
				TEST_TARGET_NAME = brasilogos;
			};
			name = Debug;
		};
		F1EF7CD92105355C00FB61FC /* Release */ = {
			isa = XCBuildConfiguration;
			buildSettings = {
				CLANG_ANALYZER_NONNULL = YES;
				CLANG_ANALYZER_NUMBER_OBJECT_CONVERSION = YES_AGGRESSIVE;
				CLANG_CXX_LANGUAGE_STANDARD = "gnu++14";
				CLANG_ENABLE_OBJC_WEAK = YES;
				CLANG_WARN_BLOCK_CAPTURE_AUTORELEASING = YES;
				CLANG_WARN_COMMA = YES;
				CLANG_WARN_DEPRECATED_OBJC_IMPLEMENTATIONS = YES;
				CLANG_WARN_DOCUMENTATION_COMMENTS = YES;
				CLANG_WARN_NON_LITERAL_NULL_CONVERSION = YES;
				CLANG_WARN_OBJC_IMPLICIT_RETAIN_SELF = YES;
				CLANG_WARN_OBJC_LITERAL_CONVERSION = YES;
				CLANG_WARN_RANGE_LOOP_ANALYSIS = YES;
				CLANG_WARN_STRICT_PROTOTYPES = YES;
				CLANG_WARN_UNGUARDED_AVAILABILITY = YES_AGGRESSIVE;
				CODE_SIGN_IDENTITY = "iPhone Developer";
				CODE_SIGN_STYLE = Manual;
				COPY_PHASE_STRIP = NO;
				DEBUG_INFORMATION_FORMAT = "dwarf-with-dsym";
				DEVELOPMENT_TEAM = "";
				GCC_C_LANGUAGE_STANDARD = gnu11;
				INFOPLIST_FILE = brasilogosUITests/Info.plist;
				IPHONEOS_DEPLOYMENT_TARGET = 12.0;
				LD_RUNPATH_SEARCH_PATHS = "$(inherited) @executable_path/Frameworks @loader_path/Frameworks";
				MTL_ENABLE_DEBUG_INFO = NO;
				MTL_FAST_MATH = YES;
				PRODUCT_BUNDLE_IDENTIFIER = br.com.mobwiz.brasilogosUITests;
				PRODUCT_NAME = "$(TARGET_NAME)";
				PROVISIONING_PROFILE = "c9926b7f-3441-4d15-b968-e30501a17fb7";
				PROVISIONING_PROFILE_SPECIFIER = "";
				SWIFT_OPTIMIZATION_LEVEL = "-Owholemodule";
				SWIFT_VERSION = 5.0;
				TARGETED_DEVICE_FAMILY = "1,2";
				TEST_TARGET_NAME = brasilogos;
			};
			name = Release;
		};
		F1F8B836198E5D9300578D91 /* Debug */ = {
			isa = XCBuildConfiguration;
			buildSettings = {
				ALWAYS_SEARCH_USER_PATHS = NO;
				CLANG_ANALYZER_LOCALIZABILITY_NONLOCALIZED = YES;
				CLANG_CXX_LANGUAGE_STANDARD = "gnu++0x";
				CLANG_CXX_LIBRARY = "libc++";
				CLANG_ENABLE_MODULES = YES;
				CLANG_ENABLE_OBJC_ARC = YES;
				CLANG_WARN_BLOCK_CAPTURE_AUTORELEASING = YES;
				CLANG_WARN_BOOL_CONVERSION = YES;
				CLANG_WARN_COMMA = YES;
				CLANG_WARN_CONSTANT_CONVERSION = YES;
				CLANG_WARN_DEPRECATED_OBJC_IMPLEMENTATIONS = YES;
				CLANG_WARN_DIRECT_OBJC_ISA_USAGE = YES_ERROR;
				CLANG_WARN_EMPTY_BODY = YES;
				CLANG_WARN_ENUM_CONVERSION = YES;
				CLANG_WARN_INFINITE_RECURSION = YES;
				CLANG_WARN_INT_CONVERSION = YES;
				CLANG_WARN_NON_LITERAL_NULL_CONVERSION = YES;
				CLANG_WARN_OBJC_IMPLICIT_RETAIN_SELF = YES;
				CLANG_WARN_OBJC_LITERAL_CONVERSION = YES;
				CLANG_WARN_OBJC_ROOT_CLASS = YES_ERROR;
				CLANG_WARN_RANGE_LOOP_ANALYSIS = YES;
				CLANG_WARN_STRICT_PROTOTYPES = YES;
				CLANG_WARN_SUSPICIOUS_MOVE = YES;
				CLANG_WARN_UNREACHABLE_CODE = YES;
				CLANG_WARN__DUPLICATE_METHOD_MATCH = YES;
				"CODE_SIGN_IDENTITY[sdk=iphoneos*]" = "iPhone Developer";
				COPY_PHASE_STRIP = NO;
				ENABLE_STRICT_OBJC_MSGSEND = YES;
				ENABLE_TESTABILITY = YES;
				GCC_C_LANGUAGE_STANDARD = gnu99;
				GCC_DYNAMIC_NO_PIC = NO;
				GCC_NO_COMMON_BLOCKS = YES;
				GCC_OPTIMIZATION_LEVEL = 0;
				GCC_PREPROCESSOR_DEFINITIONS = (
					"DEBUG=1",
					"$(inherited)",
				);
				GCC_SYMBOLS_PRIVATE_EXTERN = NO;
				GCC_WARN_64_TO_32_BIT_CONVERSION = YES;
				GCC_WARN_ABOUT_RETURN_TYPE = YES_ERROR;
				GCC_WARN_UNDECLARED_SELECTOR = YES;
				GCC_WARN_UNINITIALIZED_AUTOS = YES_AGGRESSIVE;
				GCC_WARN_UNUSED_FUNCTION = YES;
				GCC_WARN_UNUSED_VARIABLE = YES;
				IPHONEOS_DEPLOYMENT_TARGET = 11.0;
				ONLY_ACTIVE_ARCH = YES;
				SDKROOT = iphoneos;
				TARGETED_DEVICE_FAMILY = "1,2";
			};
			name = Debug;
		};
		F1F8B837198E5D9300578D91 /* Release */ = {
			isa = XCBuildConfiguration;
			buildSettings = {
				ALWAYS_SEARCH_USER_PATHS = NO;
				CLANG_ANALYZER_LOCALIZABILITY_NONLOCALIZED = YES;
				CLANG_CXX_LANGUAGE_STANDARD = "gnu++0x";
				CLANG_CXX_LIBRARY = "libc++";
				CLANG_ENABLE_MODULES = YES;
				CLANG_ENABLE_OBJC_ARC = YES;
				CLANG_WARN_BLOCK_CAPTURE_AUTORELEASING = YES;
				CLANG_WARN_BOOL_CONVERSION = YES;
				CLANG_WARN_COMMA = YES;
				CLANG_WARN_CONSTANT_CONVERSION = YES;
				CLANG_WARN_DEPRECATED_OBJC_IMPLEMENTATIONS = YES;
				CLANG_WARN_DIRECT_OBJC_ISA_USAGE = YES_ERROR;
				CLANG_WARN_EMPTY_BODY = YES;
				CLANG_WARN_ENUM_CONVERSION = YES;
				CLANG_WARN_INFINITE_RECURSION = YES;
				CLANG_WARN_INT_CONVERSION = YES;
				CLANG_WARN_NON_LITERAL_NULL_CONVERSION = YES;
				CLANG_WARN_OBJC_IMPLICIT_RETAIN_SELF = YES;
				CLANG_WARN_OBJC_LITERAL_CONVERSION = YES;
				CLANG_WARN_OBJC_ROOT_CLASS = YES_ERROR;
				CLANG_WARN_RANGE_LOOP_ANALYSIS = YES;
				CLANG_WARN_STRICT_PROTOTYPES = YES;
				CLANG_WARN_SUSPICIOUS_MOVE = YES;
				CLANG_WARN_UNREACHABLE_CODE = YES;
				CLANG_WARN__DUPLICATE_METHOD_MATCH = YES;
				"CODE_SIGN_IDENTITY[sdk=iphoneos*]" = "iPhone Developer";
				COPY_PHASE_STRIP = YES;
				ENABLE_NS_ASSERTIONS = NO;
				ENABLE_STRICT_OBJC_MSGSEND = YES;
				GCC_C_LANGUAGE_STANDARD = gnu99;
				GCC_NO_COMMON_BLOCKS = YES;
				GCC_WARN_64_TO_32_BIT_CONVERSION = YES;
				GCC_WARN_ABOUT_RETURN_TYPE = YES_ERROR;
				GCC_WARN_UNDECLARED_SELECTOR = YES;
				GCC_WARN_UNINITIALIZED_AUTOS = YES_AGGRESSIVE;
				GCC_WARN_UNUSED_FUNCTION = YES;
				GCC_WARN_UNUSED_VARIABLE = YES;
				IPHONEOS_DEPLOYMENT_TARGET = 11.0;
				SDKROOT = iphoneos;
				SWIFT_COMPILATION_MODE = wholemodule;
				TARGETED_DEVICE_FAMILY = "1,2";
				VALIDATE_PRODUCT = YES;
			};
			name = Release;
		};
		F1F8B839198E5D9300578D91 /* Debug */ = {
			isa = XCBuildConfiguration;
			baseConfigurationReference = 30F2EF3A2CC56244DB29C5B7 /* Pods-brasilogos.debug.xcconfig */;
			buildSettings = {
				ASSETCATALOG_COMPILER_APPICON_NAME = AppIcon;
				CLANG_ENABLE_MODULES = YES;
				CODE_SIGN_IDENTITY = "iPhone Developer";
				"CODE_SIGN_IDENTITY[sdk=iphoneos*]" = "iPhone Developer";
				CODE_SIGN_STYLE = Manual;
				DEVELOPMENT_TEAM = QX2M8PE6QE;
				ENABLE_BITCODE = NO;
				GCC_PRECOMPILE_PREFIX_HEADER = YES;
				GCC_PREFIX_HEADER = "brasilogos/brasilogos-Prefix.pch";
				INFOPLIST_FILE = "brasilogos/brasilogos-Info.plist";
				IPHONEOS_DEPLOYMENT_TARGET = 11.0;
				LD_RUNPATH_SEARCH_PATHS = "$(inherited) @executable_path/Frameworks";
				PRODUCT_BUNDLE_IDENTIFIER = "br.com.mobwiz.${PRODUCT_NAME:rfc1034identifier}";
				PRODUCT_NAME = brasilogos;
				PROVISIONING_PROFILE = "fabeb8eb-0d46-495b-b717-c1b8846f7fd9";
				PROVISIONING_PROFILE_SPECIFIER = "match Development br.com.mobwiz.brasilogos";
				SWIFT_OBJC_BRIDGING_HEADER = "brasilogos/brasilogos-Bridging-Header.h";
				SWIFT_OPTIMIZATION_LEVEL = "-Onone";
				SWIFT_VERSION = 5.0;
				USER_HEADER_SEARCH_PATHS = "\"${PROJECT_DIR}/Pods\"/**";
				WRAPPER_EXTENSION = app;
			};
			name = Debug;
		};
		F1F8B83A198E5D9300578D91 /* Release */ = {
			isa = XCBuildConfiguration;
			baseConfigurationReference = 1719167C13704E4C5B2D64A3 /* Pods-brasilogos.release.xcconfig */;
			buildSettings = {
				ASSETCATALOG_COMPILER_APPICON_NAME = AppIcon;
				CLANG_ENABLE_MODULES = YES;
				CODE_SIGN_IDENTITY = "iPhone Developer";
				"CODE_SIGN_IDENTITY[sdk=iphoneos*]" = "iPhone Distribution";
				CODE_SIGN_STYLE = Manual;
				DEVELOPMENT_TEAM = QX2M8PE6QE;
				ENABLE_BITCODE = NO;
				GCC_PRECOMPILE_PREFIX_HEADER = YES;
				GCC_PREFIX_HEADER = "brasilogos/brasilogos-Prefix.pch";
				INFOPLIST_FILE = "brasilogos/brasilogos-Info.plist";
				IPHONEOS_DEPLOYMENT_TARGET = 11.0;
				LD_RUNPATH_SEARCH_PATHS = "$(inherited) @executable_path/Frameworks";
				PRODUCT_BUNDLE_IDENTIFIER = "br.com.mobwiz.${PRODUCT_NAME:rfc1034identifier}";
				PRODUCT_NAME = brasilogos;
				PROVISIONING_PROFILE = "c9926b7f-3441-4d15-b968-e30501a17fb7";
				PROVISIONING_PROFILE_SPECIFIER = "match AppStore br.com.mobwiz.brasilogos";
				SWIFT_OBJC_BRIDGING_HEADER = "brasilogos/brasilogos-Bridging-Header.h";
				SWIFT_VERSION = 5.0;
				USER_HEADER_SEARCH_PATHS = "\"${PROJECT_DIR}/Pods\"/**";
				WRAPPER_EXTENSION = app;
			};
			name = Release;
		};
/* End XCBuildConfiguration section */

/* Begin XCConfigurationList section */
		F1EF7CC92105351F00FB61FC /* Build configuration list for PBXNativeTarget "brasilogosUnitTests" */ = {
			isa = XCConfigurationList;
			buildConfigurations = (
				F1EF7CCA2105351F00FB61FC /* Debug */,
				F1EF7CCB2105351F00FB61FC /* Release */,
			);
			defaultConfigurationIsVisible = 0;
			defaultConfigurationName = Release;
		};
		F1EF7CD72105355C00FB61FC /* Build configuration list for PBXNativeTarget "brasilogosUITests" */ = {
			isa = XCConfigurationList;
			buildConfigurations = (
				F1EF7CD82105355C00FB61FC /* Debug */,
				F1EF7CD92105355C00FB61FC /* Release */,
			);
			defaultConfigurationIsVisible = 0;
			defaultConfigurationName = Release;
		};
		F1F8B7FB198E5D9200578D91 /* Build configuration list for PBXProject "brasilogos" */ = {
			isa = XCConfigurationList;
			buildConfigurations = (
				F1F8B836198E5D9300578D91 /* Debug */,
				F1F8B837198E5D9300578D91 /* Release */,
			);
			defaultConfigurationIsVisible = 0;
			defaultConfigurationName = Release;
		};
		F1F8B838198E5D9300578D91 /* Build configuration list for PBXNativeTarget "brasilogos" */ = {
			isa = XCConfigurationList;
			buildConfigurations = (
				F1F8B839198E5D9300578D91 /* Debug */,
				F1F8B83A198E5D9300578D91 /* Release */,
			);
			defaultConfigurationIsVisible = 0;
			defaultConfigurationName = Release;
		};
/* End XCConfigurationList section */
	};
	rootObject = F1F8B7F8198E5D9200578D91 /* Project object */;
}
