// !$*UTF8*$!
{
	archiveVersion = 1;
	classes = {
	};
	objectVersion = 46;
	objects = {

/* Begin PBXBuildFile section */
		D30482F8ADD24DFB9BAAAFC6 /* libPods.a in Frameworks */ = {isa = PBXBuildFile; fileRef = 37B2646C0043423E8093054B /* libPods.a */; };










		F10C63B6199EA825005328B2 /* db.json in Resources */ = {isa = PBXBuildFile; fileRef = F10C63B5199EA825005328B2 /* db.json */; };
		F10C63B9199EB863005328B2 /* BLMainViewController.m in Sources */ = {isa = PBXBuildFile; fileRef = F10C63B8199EB863005328B2 /* BLMainViewController.m */; };
		F10C63BC199EB878005328B2 /* BLIndexLevelViewController.m in Sources */ = {isa = PBXBuildFile; fileRef = F10C63BB199EB878005328B2 /* BLIndexLevelViewController.m */; };
		F10C63BF199EB88D005328B2 /* BLLevelViewController.m in Sources */ = {isa = PBXBuildFile; fileRef = F10C63BE199EB88D005328B2 /* BLLevelViewController.m */; };
		F10C63C2199EB8A0005328B2 /* BLLogoViewController.m in Sources */ = {isa = PBXBuildFile; fileRef = F10C63C1199EB8A0005328B2 /* BLLogoViewController.m */; };
		F10C63C5199EB8B8005328B2 /* BLAboutViewController.m in Sources */ = {isa = PBXBuildFile; fileRef = F10C63C4199EB8B8005328B2 /* BLAboutViewController.m */; };
		F10C63C8199EC812005328B2 /* BLJSONDatabase.m in Sources */ = {isa = PBXBuildFile; fileRef = F10C63C7199EC812005328B2 /* BLJSONDatabase.m */; };
		F10C6950199EDF2D005328B2 /* 51.png in Resources */ = {isa = PBXBuildFile; fileRef = F10C6789199EDF29005328B2 /* 51.png */; };






































































































































































































































































































































































































































































		F112977F19A0DB4700ACE7A2 /* Toast+UIView.m in Sources */ = {isa = PBXBuildFile; fileRef = F112977E19A0DB4700ACE7A2 /* Toast+UIView.m */; };
		F112978719A0F53C00ACE7A2 /* correct.mp3 in Resources */ = {isa = PBXBuildFile; fileRef = F112978119A0F53C00ACE7A2 /* correct.mp3 */; };
		F112978819A0F53C00ACE7A2 /* fail.mp3 in Resources */ = {isa = PBXBuildFile; fileRef = F112978219A0F53C00ACE7A2 /* fail.mp3 */; };
		F112978919A0F53C00ACE7A2 /* fbbutton.mp3 in Resources */ = {isa = PBXBuildFile; fileRef = F112978319A0F53C00ACE7A2 /* fbbutton.mp3 */; };
		F112978A19A0F53C00ACE7A2 /* fbsound.mp3 in Resources */ = {isa = PBXBuildFile; fileRef = F112978419A0F53C00ACE7A2 /* fbsound.mp3 */; };
		F112978B19A0F53C00ACE7A2 /* pointbutton.mp3 in Resources */ = {isa = PBXBuildFile; fileRef = F112978519A0F53C00ACE7A2 /* pointbutton.mp3 */; };
		F112978C19A0F53C00ACE7A2 /* RVBCLICK.WAV in Resources */ = {isa = PBXBuildFile; fileRef = F112978619A0F53C00ACE7A2 /* RVBCLICK.WAV */; };
		F112978E19A0F63900ACE7A2 /* AVFoundation.framework in Frameworks */ = {isa = PBXBuildFile; fileRef = F112978D19A0F63900ACE7A2 /* AVFoundation.framework */; };
		F112979119A10DD100ACE7A2 /* BLShoppingOverlayViewController.m in Sources */ = {isa = PBXBuildFile; fileRef = F112979019A10DD100ACE7A2 /* BLShoppingOverlayViewController.m */; };

		F19505F71995CDB800A94FD1 /* BLStyling.m in Sources */ = {isa = PBXBuildFile; fileRef = F19505F61995CDB800A94FD1 /* BLStyling.m */; };
		F1AD905D199FB6EA0071E256 /* BLLogoStatus.m in Sources */ = {isa = PBXBuildFile; fileRef = F1AD905C199FB6EA0071E256 /* BLLogoStatus.m */; };
		F1AD9060199FB7BD0071E256 /* BLDatabaseManager.m in Sources */ = {isa = PBXBuildFile; fileRef = F1AD905F199FB7BD0071E256 /* BLDatabaseManager.m */; };
		F1AD9063199FBCFA0071E256 /* BLScore.m in Sources */ = {isa = PBXBuildFile; fileRef = F1AD9062199FBCFA0071E256 /* BLScore.m */; };
		F1AD9066199FBD530071E256 /* BLUser.m in Sources */ = {isa = PBXBuildFile; fileRef = F1AD9065199FBD530071E256 /* BLUser.m */; };
		F1AD9069199FCBD20071E256 /* BLWallet.m in Sources */ = {isa = PBXBuildFile; fileRef = F1AD9068199FCBD20071E256 /* BLWallet.m */; };
		F1AD906C199FD35D0071E256 /* BLGameManager.m in Sources */ = {isa = PBXBuildFile; fileRef = F1AD906B199FD35D0071E256 /* BLGameManager.m */; };


		F1F8B804198E5D9300578D91 /* Foundation.framework in Frameworks */ = {isa = PBXBuildFile; fileRef = F1F8B803198E5D9300578D91 /* Foundation.framework */; };
		F1F8B806198E5D9300578D91 /* CoreGraphics.framework in Frameworks */ = {isa = PBXBuildFile; fileRef = F1F8B805198E5D9300578D91 /* CoreGraphics.framework */; };
		F1F8B808198E5D9300578D91 /* UIKit.framework in Frameworks */ = {isa = PBXBuildFile; fileRef = F1F8B807198E5D9300578D91 /* UIKit.framework */; };
		F1F8B80E198E5D9300578D91 /* InfoPlist.strings in Resources */ = {isa = PBXBuildFile; fileRef = F1F8B80C198E5D9300578D91 /* InfoPlist.strings */; };
		F1F8B810198E5D9300578D91 /* main.m in Sources */ = {isa = PBXBuildFile; fileRef = F1F8B80F198E5D9300578D91 /* main.m */; };
		F1F8B814198E5D9300578D91 /* BLAppDelegate.m in Sources */ = {isa = PBXBuildFile; fileRef = F1F8B813198E5D9300578D91 /* BLAppDelegate.m */; };
		F1F8B817198E5D9300578D91 /* Main_iPhone.storyboard in Resources */ = {isa = PBXBuildFile; fileRef = F1F8B815198E5D9300578D91 /* Main_iPhone.storyboard */; };
		F1F8B81A198E5D9300578D91 /* Main_iPad.storyboard in Resources */ = {isa = PBXBuildFile; fileRef = F1F8B818198E5D9300578D91 /* Main_iPad.storyboard */; };
		F1F8B820198E5D9300578D91 /* BLDetailViewController.m in Sources */ = {isa = PBXBuildFile; fileRef = F1F8B81F198E5D9300578D91 /* BLDetailViewController.m */; };
		F1F8B822198E5D9300578D91 /* Images.xcassets in Resources */ = {isa = PBXBuildFile; fileRef = F1F8B821198E5D9300578D91 /* Images.xcassets */; };
		F1F8B829198E5D9300578D91 /* XCTest.framework in Frameworks */ = {isa = PBXBuildFile; fileRef = F1F8B828198E5D9300578D91 /* XCTest.framework */; };
		F1F8B82A198E5D9300578D91 /* Foundation.framework in Frameworks */ = {isa = PBXBuildFile; fileRef = F1F8B803198E5D9300578D91 /* Foundation.framework */; };
		F1F8B82B198E5D9300578D91 /* UIKit.framework in Frameworks */ = {isa = PBXBuildFile; fileRef = F1F8B807198E5D9300578D91 /* UIKit.framework */; };
		F1F8B833198E5D9300578D91 /* InfoPlist.strings in Resources */ = {isa = PBXBuildFile; fileRef = F1F8B831198E5D9300578D91 /* InfoPlist.strings */; };
		F1F8B835198E5D9300578D91 /* brasilogosTests.m in Sources */ = {isa = PBXBuildFile; fileRef = F1F8B834198E5D9300578D91 /* brasilogosTests.m */; };
/* End PBXBuildFile section */

/* Begin PBXContainerItemProxy section */
		F1F8B82C198E5D9300578D91 /* PBXContainerItemProxy */ = {
			isa = PBXContainerItemProxy;
			containerPortal = F1F8B7F8198E5D9200578D91 /* Project object */;
			proxyType = 1;
			remoteGlobalIDString = F1F8B7FF198E5D9300578D91;
			remoteInfo = brasilogos;
		};
/* End PBXContainerItemProxy section */

/* Begin PBXFileReference section */
		37B2646C0043423E8093054B /* libPods.a */ = {isa = PBXFileReference; explicitFileType = archive.ar; includeInIndex = 0; path = libPods.a; sourceTree = BUILT_PRODUCTS_DIR; };
		E7A8360C6337441A8304F6C2 /* Pods.xcconfig */ = {isa = PBXFileReference; includeInIndex = 1; lastKnownFileType = text.xcconfig; name = Pods.xcconfig; path = Pods/Pods.xcconfig; sourceTree = "<group>"; };










		F10C63B5199EA825005328B2 /* db.json */ = {isa = PBXFileReference; fileEncoding = 4; lastKnownFileType = text.json; name = db.json; path = brasilogos/db.json; sourceTree = "<group>"; };
		F10C63B7199EB863005328B2 /* BLMainViewController.h */ = {isa = PBXFileReference; fileEncoding = 4; lastKnownFileType = sourcecode.c.h; path = BLMainViewController.h; sourceTree = "<group>"; };
		F10C63B8199EB863005328B2 /* BLMainViewController.m */ = {isa = PBXFileReference; fileEncoding = 4; lastKnownFileType = sourcecode.c.objc; path = BLMainViewController.m; sourceTree = "<group>"; };
		F10C63BA199EB878005328B2 /* BLIndexLevelViewController.h */ = {isa = PBXFileReference; fileEncoding = 4; lastKnownFileType = sourcecode.c.h; path = BLIndexLevelViewController.h; sourceTree = "<group>"; };
		F10C63BB199EB878005328B2 /* BLIndexLevelViewController.m */ = {isa = PBXFileReference; fileEncoding = 4; lastKnownFileType = sourcecode.c.objc; path = BLIndexLevelViewController.m; sourceTree = "<group>"; };
		F10C63BD199EB88D005328B2 /* BLLevelViewController.h */ = {isa = PBXFileReference; fileEncoding = 4; lastKnownFileType = sourcecode.c.h; path = BLLevelViewController.h; sourceTree = "<group>"; };
		F10C63BE199EB88D005328B2 /* BLLevelViewController.m */ = {isa = PBXFileReference; fileEncoding = 4; lastKnownFileType = sourcecode.c.objc; path = BLLevelViewController.m; sourceTree = "<group>"; };
		F10C63C0199EB8A0005328B2 /* BLLogoViewController.h */ = {isa = PBXFileReference; fileEncoding = 4; lastKnownFileType = sourcecode.c.h; path = BLLogoViewController.h; sourceTree = "<group>"; };
		F10C63C1199EB8A0005328B2 /* BLLogoViewController.m */ = {isa = PBXFileReference; fileEncoding = 4; lastKnownFileType = sourcecode.c.objc; path = BLLogoViewController.m; sourceTree = "<group>"; };
		F10C63C3199EB8B8005328B2 /* BLAboutViewController.h */ = {isa = PBXFileReference; fileEncoding = 4; lastKnownFileType = sourcecode.c.h; path = BLAboutViewController.h; sourceTree = "<group>"; };
		F10C63C4199EB8B8005328B2 /* BLAboutViewController.m */ = {isa = PBXFileReference; fileEncoding = 4; lastKnownFileType = sourcecode.c.objc; path = BLAboutViewController.m; sourceTree = "<group>"; };
		F10C63C6199EC812005328B2 /* BLJSONDatabase.h */ = {isa = PBXFileReference; fileEncoding = 4; lastKnownFileType = sourcecode.c.h; path = BLJSONDatabase.h; sourceTree = "<group>"; };
		F10C63C7199EC812005328B2 /* BLJSONDatabase.m */ = {isa = PBXFileReference; fileEncoding = 4; lastKnownFileType = sourcecode.c.objc; path = BLJSONDatabase.m; sourceTree = "<group>"; };







































































































































































































































































































































































































































































		F112977D19A0DB4100ACE7A2 /* Toast+UIView.h */ = {isa = PBXFileReference; lastKnownFileType = sourcecode.c.h; path = "Toast+UIView.h"; sourceTree = "<group>"; };
		F112977E19A0DB4700ACE7A2 /* Toast+UIView.m */ = {isa = PBXFileReference; fileEncoding = 4; lastKnownFileType = sourcecode.c.objc; path = "Toast+UIView.m"; sourceTree = "<group>"; };
		F112978119A0F53C00ACE7A2 /* correct.mp3 */ = {isa = PBXFileReference; lastKnownFileType = audio.mp3; name = correct.mp3; path = sound/correct.mp3; sourceTree = SOURCE_ROOT; };
		F112978219A0F53C00ACE7A2 /* fail.mp3 */ = {isa = PBXFileReference; lastKnownFileType = audio.mp3; name = fail.mp3; path = sound/fail.mp3; sourceTree = SOURCE_ROOT; };
		F112978319A0F53C00ACE7A2 /* fbbutton.mp3 */ = {isa = PBXFileReference; lastKnownFileType = audio.mp3; name = fbbutton.mp3; path = sound/fbbutton.mp3; sourceTree = SOURCE_ROOT; };
		F112978419A0F53C00ACE7A2 /* fbsound.mp3 */ = {isa = PBXFileReference; lastKnownFileType = audio.mp3; name = fbsound.mp3; path = sound/fbsound.mp3; sourceTree = SOURCE_ROOT; };
		F112978519A0F53C00ACE7A2 /* pointbutton.mp3 */ = {isa = PBXFileReference; lastKnownFileType = audio.mp3; name = pointbutton.mp3; path = sound/pointbutton.mp3; sourceTree = SOURCE_ROOT; };
		F112978619A0F53C00ACE7A2 /* RVBCLICK.WAV */ = {isa = PBXFileReference; lastKnownFileType = audio.wav; name = RVBCLICK.WAV; path = sound/RVBCLICK.WAV; sourceTree = SOURCE_ROOT; };
		F112978D19A0F63900ACE7A2 /* AVFoundation.framework */ = {isa = PBXFileReference; lastKnownFileType = wrapper.framework; name = AVFoundation.framework; path = System/Library/Frameworks/AVFoundation.framework; sourceTree = SDKROOT; };
		F112978F19A10DD100ACE7A2 /* BLShoppingOverlayViewController.h */ = {isa = PBXFileReference; fileEncoding = 4; lastKnownFileType = sourcecode.c.h; path = BLShoppingOverlayViewController.h; sourceTree = "<group>"; };
		F112979019A10DD100ACE7A2 /* BLShoppingOverlayViewController.m */ = {isa = PBXFileReference; fileEncoding = 4; lastKnownFileType = sourcecode.c.objc; path = BLShoppingOverlayViewController.m; sourceTree = "<group>"; };

		F19505F21995CD9600A94FD1 /* BLConstants.h */ = {isa = PBXFileReference; fileEncoding = 4; lastKnownFileType = sourcecode.c.h; path = BLConstants.h; sourceTree = "<group>"; };
		F19505F51995CDB800A94FD1 /* BLStyling.h */ = {isa = PBXFileReference; fileEncoding = 4; lastKnownFileType = sourcecode.c.h; path = BLStyling.h; sourceTree = "<group>"; };
		F19505F61995CDB800A94FD1 /* BLStyling.m */ = {isa = PBXFileReference; fileEncoding = 4; lastKnownFileType = sourcecode.c.objc; path = BLStyling.m; sourceTree = "<group>"; };
		F1AD905B199FB6EA0071E256 /* BLLogoStatus.h */ = {isa = PBXFileReference; fileEncoding = 4; lastKnownFileType = sourcecode.c.h; path = BLLogoStatus.h; sourceTree = "<group>"; };
		F1AD905C199FB6EA0071E256 /* BLLogoStatus.m */ = {isa = PBXFileReference; fileEncoding = 4; lastKnownFileType = sourcecode.c.objc; path = BLLogoStatus.m; sourceTree = "<group>"; };
		F1AD905E199FB7BD0071E256 /* BLDatabaseManager.h */ = {isa = PBXFileReference; fileEncoding = 4; lastKnownFileType = sourcecode.c.h; path = BLDatabaseManager.h; sourceTree = "<group>"; };
		F1AD905F199FB7BD0071E256 /* BLDatabaseManager.m */ = {isa = PBXFileReference; fileEncoding = 4; lastKnownFileType = sourcecode.c.objc; path = BLDatabaseManager.m; sourceTree = "<group>"; };
		F1AD9061199FBCFA0071E256 /* BLScore.h */ = {isa = PBXFileReference; fileEncoding = 4; lastKnownFileType = sourcecode.c.h; path = BLScore.h; sourceTree = "<group>"; };
		F1AD9062199FBCFA0071E256 /* BLScore.m */ = {isa = PBXFileReference; fileEncoding = 4; lastKnownFileType = sourcecode.c.objc; path = BLScore.m; sourceTree = "<group>"; };
		F1AD9064199FBD530071E256 /* BLUser.h */ = {isa = PBXFileReference; fileEncoding = 4; lastKnownFileType = sourcecode.c.h; path = BLUser.h; sourceTree = "<group>"; };
		F1AD9065199FBD530071E256 /* BLUser.m */ = {isa = PBXFileReference; fileEncoding = 4; lastKnownFileType = sourcecode.c.objc; path = BLUser.m; sourceTree = "<group>"; };
		F1AD9067199FCBD20071E256 /* BLWallet.h */ = {isa = PBXFileReference; fileEncoding = 4; lastKnownFileType = sourcecode.c.h; path = BLWallet.h; sourceTree = "<group>"; };
		F1AD9068199FCBD20071E256 /* BLWallet.m */ = {isa = PBXFileReference; fileEncoding = 4; lastKnownFileType = sourcecode.c.objc; path = BLWallet.m; sourceTree = "<group>"; };
		F1AD906A199FD35D0071E256 /* BLGameManager.h */ = {isa = PBXFileReference; fileEncoding = 4; lastKnownFileType = sourcecode.c.h; path = BLGameManager.h; sourceTree = "<group>"; };
		F1AD906B199FD35D0071E256 /* BLGameManager.m */ = {isa = PBXFileReference; fileEncoding = 4; lastKnownFileType = sourcecode.c.objc; path = BLGameManager.m; sourceTree = "<group>"; };


		F1F8B800198E5D9300578D91 /* brasilogos.app */ = {isa = PBXFileReference; explicitFileType = wrapper.application; includeInIndex = 0; path = brasilogos.app; sourceTree = BUILT_PRODUCTS_DIR; };
		F1F8B803198E5D9300578D91 /* Foundation.framework */ = {isa = PBXFileReference; lastKnownFileType = wrapper.framework; name = Foundation.framework; path = System/Library/Frameworks/Foundation.framework; sourceTree = SDKROOT; };
		F1F8B805198E5D9300578D91 /* CoreGraphics.framework */ = {isa = PBXFileReference; lastKnownFileType = wrapper.framework; name = CoreGraphics.framework; path = System/Library/Frameworks/CoreGraphics.framework; sourceTree = SDKROOT; };
		F1F8B807198E5D9300578D91 /* UIKit.framework */ = {isa = PBXFileReference; lastKnownFileType = wrapper.framework; name = UIKit.framework; path = System/Library/Frameworks/UIKit.framework; sourceTree = SDKROOT; };
		F1F8B80B198E5D9300578D91 /* brasilogos-Info.plist */ = {isa = PBXFileReference; lastKnownFileType = text.plist.xml; path = "brasilogos-Info.plist"; sourceTree = "<group>"; };
		F1F8B80D198E5D9300578D91 /* en */ = {isa = PBXFileReference; lastKnownFileType = text.plist.strings; name = en; path = en.lproj/InfoPlist.strings; sourceTree = "<group>"; };
		F1F8B80F198E5D9300578D91 /* main.m */ = {isa = PBXFileReference; lastKnownFileType = sourcecode.c.objc; path = main.m; sourceTree = "<group>"; };
		F1F8B811198E5D9300578D91 /* brasilogos-Prefix.pch */ = {isa = PBXFileReference; lastKnownFileType = sourcecode.c.h; path = "brasilogos-Prefix.pch"; sourceTree = "<group>"; };
		F1F8B812198E5D9300578D91 /* BLAppDelegate.h */ = {isa = PBXFileReference; lastKnownFileType = sourcecode.c.h; path = BLAppDelegate.h; sourceTree = "<group>"; };
		F1F8B813198E5D9300578D91 /* BLAppDelegate.m */ = {isa = PBXFileReference; lastKnownFileType = sourcecode.c.objc; path = BLAppDelegate.m; sourceTree = "<group>"; };
		F1F8B816198E5D9300578D91 /* Base */ = {isa = PBXFileReference; lastKnownFileType = file.storyboard; name = Base; path = Base.lproj/Main_iPhone.storyboard; sourceTree = "<group>"; };
		F1F8B819198E5D9300578D91 /* Base */ = {isa = PBXFileReference; lastKnownFileType = file.storyboard; name = Base; path = Base.lproj/Main_iPad.storyboard; sourceTree = "<group>"; };
		F1F8B81E198E5D9300578D91 /* BLDetailViewController.h */ = {isa = PBXFileReference; lastKnownFileType = sourcecode.c.h; path = BLDetailViewController.h; sourceTree = "<group>"; };
		F1F8B81F198E5D9300578D91 /* BLDetailViewController.m */ = {isa = PBXFileReference; lastKnownFileType = sourcecode.c.objc; path = BLDetailViewController.m; sourceTree = "<group>"; };
		F1F8B821198E5D9300578D91 /* Images.xcassets */ = {isa = PBXFileReference; lastKnownFileType = folder.assetcatalog; path = Images.xcassets; sourceTree = "<group>"; };
		F1F8B827198E5D9300578D91 /* brasilogosTests.xctest */ = {isa = PBXFileReference; explicitFileType = wrapper.cfbundle; includeInIndex = 0; path = brasilogosTests.xctest; sourceTree = BUILT_PRODUCTS_DIR; };
		F1F8B828198E5D9300578D91 /* XCTest.framework */ = {isa = PBXFileReference; lastKnownFileType = wrapper.framework; name = XCTest.framework; path = Library/Frameworks/XCTest.framework; sourceTree = DEVELOPER_DIR; };
		F1F8B830198E5D9300578D91 /* brasilogosTests-Info.plist */ = {isa = PBXFileReference; lastKnownFileType = text.plist.xml; path = "brasilogosTests-Info.plist"; sourceTree = "<group>"; };
		F1F8B832198E5D9300578D91 /* en */ = {isa = PBXFileReference; lastKnownFileType = text.plist.strings; name = en; path = en.lproj/InfoPlist.strings; sourceTree = "<group>"; };
		F1F8B834198E5D9300578D91 /* brasilogosTests.m */ = {isa = PBXFileReference; lastKnownFileType = sourcecode.c.objc; path = brasilogosTests.m; sourceTree = "<group>"; };
/* End PBXFileReference section */

/* Begin PBXFrameworksBuildPhase section */
		F1F8B7FD198E5D9300578D91 /* Frameworks */ = {
			isa = PBXFrameworksBuildPhase;
			buildActionMask = 2147483647;
			files = (
				F112978E19A0F63900ACE7A2 /* AVFoundation.framework in Frameworks */,
				F1F8B806198E5D9300578D91 /* CoreGraphics.framework in Frameworks */,
				F1F8B808198E5D9300578D91 /* UIKit.framework in Frameworks */,
				F1F8B804198E5D9300578D91 /* Foundation.framework in Frameworks */,
				D30482F8ADD24DFB9BAAAFC6 /* libPods.a in Frameworks */,
			);
			runOnlyForDeploymentPostprocessing = 0;
		};
		F1F8B824198E5D9300578D91 /* Frameworks */ = {
			isa = PBXFrameworksBuildPhase;
			buildActionMask = 2147483647;
			files = (
				F1F8B829198E5D9300578D91 /* XCTest.framework in Frameworks */,
				F1F8B82B198E5D9300578D91 /* UIKit.framework in Frameworks */,
				F1F8B82A198E5D9300578D91 /* Foundation.framework in Frameworks */,
			);
			runOnlyForDeploymentPostprocessing = 0;
		};
/* End PBXFrameworksBuildPhase section */

/* Begin PBXGroup section */
		F10C63C9199ECA0E005328B2 /* database */ = {
			isa = PBXGroup;
			children = (
				F10C63C6199EC812005328B2 /* BLJSONDatabase.h */,
				F10C63C7199EC812005328B2 /* BLJSONDatabase.m */,
				F1AD905B199FB6EA0071E256 /* BLLogoStatus.h */,
				F1AD905C199FB6EA0071E256 /* BLLogoStatus.m */,
				F1AD905E199FB7BD0071E256 /* BLDatabaseManager.h */,
				F1AD905F199FB7BD0071E256 /* BLDatabaseManager.m */,
				F1AD9061199FBCFA0071E256 /* BLScore.h */,
				F1AD9062199FBCFA0071E256 /* BLScore.m */,
				F1AD9064199FBD530071E256 /* BLUser.h */,
				F1AD9065199FBD530071E256 /* BLUser.m */,
				F1AD9067199FCBD20071E256 /* BLWallet.h */,
				F1AD9068199FCBD20071E256 /* BLWallet.m */,
			);
			name = database;
			sourceTree = "<group>";
		};
		F10C6788199EDF29005328B2 /* final_images */ = {
			isa = PBXGroup;
			children = (
				F10C6789199EDF29005328B2 /* 51.png */,






































































































































































































































































































































































































































































			);
			path = final_images;
			sourceTree = "<group>";
		};
		F112978019A0F47100ACE7A2 /* sound */ = {
			isa = PBXGroup;
			children = (
				F112978119A0F53C00ACE7A2 /* correct.mp3 */,
				F112978219A0F53C00ACE7A2 /* fail.mp3 */,
				F112978319A0F53C00ACE7A2 /* fbbutton.mp3 */,
				F112978419A0F53C00ACE7A2 /* fbsound.mp3 */,
				F112978519A0F53C00ACE7A2 /* pointbutton.mp3 */,
				F112978619A0F53C00ACE7A2 /* RVBCLICK.WAV */,
			);
			name = sound;
			sourceTree = "<group>";
		};
		F19505EF1995CBD300A94FD1 /* arts */ = {
			isa = PBXGroup;
			children = (













			);
			name = arts;
			sourceTree = "<group>";
		};
		F1F8B7F7198E5D9200578D91 = {
			isa = PBXGroup;
			children = (
				F10C63B5199EA825005328B2 /* db.json */,
				F1F8B809198E5D9300578D91 /* brasilogos */,
				F1F8B82E198E5D9300578D91 /* brasilogosTests */,
				F1F8B802198E5D9300578D91 /* Frameworks */,
				F1F8B801198E5D9300578D91 /* Products */,
				E7A8360C6337441A8304F6C2 /* Pods.xcconfig */,
			);
			sourceTree = "<group>";
		};
		F1F8B801198E5D9300578D91 /* Products */ = {
			isa = PBXGroup;
			children = (
				F1F8B800198E5D9300578D91 /* brasilogos.app */,
				F1F8B827198E5D9300578D91 /* brasilogosTests.xctest */,
			);
			name = Products;
			sourceTree = "<group>";
		};
		F1F8B802198E5D9300578D91 /* Frameworks */ = {
			isa = PBXGroup;
			children = (
				F112978D19A0F63900ACE7A2 /* AVFoundation.framework */,
				F1F8B803198E5D9300578D91 /* Foundation.framework */,
				F1F8B805198E5D9300578D91 /* CoreGraphics.framework */,
				F1F8B807198E5D9300578D91 /* UIKit.framework */,
				F1F8B828198E5D9300578D91 /* XCTest.framework */,
				37B2646C0043423E8093054B /* libPods.a */,
			);
			name = Frameworks;
			sourceTree = "<group>";
		};
		F1F8B809198E5D9300578D91 /* brasilogos */ = {
			isa = PBXGroup;
			children = (
				F112978019A0F47100ACE7A2 /* sound */,
				F10C6788199EDF29005328B2 /* final_images */,
				F10C63C9199ECA0E005328B2 /* database */,
				F19505EF1995CBD300A94FD1 /* arts */,
				F1F8B812198E5D9300578D91 /* BLAppDelegate.h */,
				F1F8B813198E5D9300578D91 /* BLAppDelegate.m */,
				F10C63B7199EB863005328B2 /* BLMainViewController.h */,
				F10C63B8199EB863005328B2 /* BLMainViewController.m */,
				F19505F51995CDB800A94FD1 /* BLStyling.h */,
				F19505F61995CDB800A94FD1 /* BLStyling.m */,
				F1F8B815198E5D9300578D91 /* Main_iPhone.storyboard */,
				F1F8B818198E5D9300578D91 /* Main_iPad.storyboard */,
				F1F8B81E198E5D9300578D91 /* BLDetailViewController.h */,
				F1F8B81F198E5D9300578D91 /* BLDetailViewController.m */,
				F1F8B821198E5D9300578D91 /* Images.xcassets */,
				F1F8B80A198E5D9300578D91 /* Supporting Files */,
				F19505F21995CD9600A94FD1 /* BLConstants.h */,
				F10C63C0199EB8A0005328B2 /* BLLogoViewController.h */,
				F10C63C1199EB8A0005328B2 /* BLLogoViewController.m */,
				F10C63BA199EB878005328B2 /* BLIndexLevelViewController.h */,
				F10C63BB199EB878005328B2 /* BLIndexLevelViewController.m */,
				F10C63BD199EB88D005328B2 /* BLLevelViewController.h */,
				F10C63BE199EB88D005328B2 /* BLLevelViewController.m */,
				F10C63C3199EB8B8005328B2 /* BLAboutViewController.h */,
				F10C63C4199EB8B8005328B2 /* BLAboutViewController.m */,
				F1AD906A199FD35D0071E256 /* BLGameManager.h */,
				F1AD906B199FD35D0071E256 /* BLGameManager.m */,
				F112977D19A0DB4100ACE7A2 /* Toast+UIView.h */,
				F112977E19A0DB4700ACE7A2 /* Toast+UIView.m */,
				F112978F19A10DD100ACE7A2 /* BLShoppingOverlayViewController.h */,
				F112979019A10DD100ACE7A2 /* BLShoppingOverlayViewController.m */,
			);
			path = brasilogos;
			sourceTree = "<group>";
		};
		F1F8B80A198E5D9300578D91 /* Supporting Files */ = {
			isa = PBXGroup;
			children = (
				F1F8B80B198E5D9300578D91 /* brasilogos-Info.plist */,
				F1F8B80C198E5D9300578D91 /* InfoPlist.strings */,
				F1F8B80F198E5D9300578D91 /* main.m */,
				F1F8B811198E5D9300578D91 /* brasilogos-Prefix.pch */,
			);
			name = "Supporting Files";
			sourceTree = "<group>";
		};
		F1F8B82E198E5D9300578D91 /* brasilogosTests */ = {
			isa = PBXGroup;
			children = (
				F1F8B834198E5D9300578D91 /* brasilogosTests.m */,
				F1F8B82F198E5D9300578D91 /* Supporting Files */,
			);
			path = brasilogosTests;
			sourceTree = "<group>";
		};
		F1F8B82F198E5D9300578D91 /* Supporting Files */ = {
			isa = PBXGroup;
			children = (
				F1F8B830198E5D9300578D91 /* brasilogosTests-Info.plist */,
				F1F8B831198E5D9300578D91 /* InfoPlist.strings */,
			);
			name = "Supporting Files";
			sourceTree = "<group>";
		};
/* End PBXGroup section */

/* Begin PBXNativeTarget section */
		F1F8B7FF198E5D9300578D91 /* brasilogos */ = {
			isa = PBXNativeTarget;
			buildConfigurationList = F1F8B838198E5D9300578D91 /* Build configuration list for PBXNativeTarget "brasilogos" */;
			buildPhases = (
				FD9B1AF2389A46DCAA41E040 /* Check Pods Manifest.lock */,
				F1F8B7FC198E5D9300578D91 /* Sources */,
				F1F8B7FD198E5D9300578D91 /* Frameworks */,
				F1F8B7FE198E5D9300578D91 /* Resources */,
				F601F87A0D3741A4B3840CF6 /* Copy Pods Resources */,
			);
			buildRules = (
			);
			dependencies = (
			);
			name = brasilogos;
			productName = brasilogos;
			productReference = F1F8B800198E5D9300578D91 /* brasilogos.app */;
			productType = "com.apple.product-type.application";
		};
		F1F8B826198E5D9300578D91 /* brasilogosTests */ = {
			isa = PBXNativeTarget;
			buildConfigurationList = F1F8B83B198E5D9300578D91 /* Build configuration list for PBXNativeTarget "brasilogosTests" */;
			buildPhases = (
				F1F8B823198E5D9300578D91 /* Sources */,
				F1F8B824198E5D9300578D91 /* Frameworks */,
				F1F8B825198E5D9300578D91 /* Resources */,
			);
			buildRules = (
			);
			dependencies = (
				F1F8B82D198E5D9300578D91 /* PBXTargetDependency */,
			);
			name = brasilogosTests;
			productName = brasilogosTests;
			productReference = F1F8B827198E5D9300578D91 /* brasilogosTests.xctest */;
			productType = "com.apple.product-type.bundle.unit-test";
		};
/* End PBXNativeTarget section */

/* Begin PBXProject section */
		F1F8B7F8198E5D9200578D91 /* Project object */ = {
			isa = PBXProject;
			attributes = {
				CLASSPREFIX = BL;
				LastUpgradeCheck = 0510;
				ORGANIZATIONNAME = MobWiz;
				TargetAttributes = {
					F1F8B7FF198E5D9300578D91 = {
						DevelopmentTeam = QX2M8PE6QE;
					};
					F1F8B826198E5D9300578D91 = {
						TestTargetID = F1F8B7FF198E5D9300578D91;
					};
				};
			};
			buildConfigurationList = F1F8B7FB198E5D9200578D91 /* Build configuration list for PBXProject "brasilogos" */;
			compatibilityVersion = "Xcode 3.2";
			developmentRegion = English;
			hasScannedForEncodings = 0;
			knownRegions = (
				en,
				Base,
			);
			mainGroup = F1F8B7F7198E5D9200578D91;
			productRefGroup = F1F8B801198E5D9300578D91 /* Products */;
			projectDirPath = "";
			projectRoot = "";
			targets = (
				F1F8B7FF198E5D9300578D91 /* brasilogos */,
				F1F8B826198E5D9300578D91 /* brasilogosTests */,
			);
		};
/* End PBXProject section */

/* Begin PBXResourcesBuildPhase section */
		F1F8B7FE198E5D9300578D91 /* Resources */ = {
			isa = PBXResourcesBuildPhase;
			buildActionMask = 2147483647;
			files = (











				F10C6950199EDF2D005328B2 /* 51.png in Resources */,
























































				F1F8B81A198E5D9300578D91 /* Main_iPad.storyboard in Resources */,



























































				F1F8B822198E5D9300578D91 /* Images.xcassets in Resources */,

























				F112978C19A0F53C00ACE7A2 /* RVBCLICK.WAV in Resources */,



















				F112978719A0F53C00ACE7A2 /* correct.mp3 in Resources */,













































































































				F1F8B817198E5D9300578D91 /* Main_iPhone.storyboard in Resources */,























































				F112978A19A0F53C00ACE7A2 /* fbsound.mp3 in Resources */,

				F10C63B6199EA825005328B2 /* db.json in Resources */,















































				F112978B19A0F53C00ACE7A2 /* pointbutton.mp3 in Resources */,




























				F112978819A0F53C00ACE7A2 /* fail.mp3 in Resources */,





































				F1F8B80E198E5D9300578D91 /* InfoPlist.strings in Resources */,











				F112978919A0F53C00ACE7A2 /* fbbutton.mp3 in Resources */,









			);
			runOnlyForDeploymentPostprocessing = 0;
		};
		F1F8B825198E5D9300578D91 /* Resources */ = {
			isa = PBXResourcesBuildPhase;
			buildActionMask = 2147483647;
			files = (
				F1F8B833198E5D9300578D91 /* InfoPlist.strings in Resources */,
			);
			runOnlyForDeploymentPostprocessing = 0;
		};
/* End PBXResourcesBuildPhase section */

/* Begin PBXShellScriptBuildPhase section */
		F601F87A0D3741A4B3840CF6 /* Copy Pods Resources */ = {
			isa = PBXShellScriptBuildPhase;
			buildActionMask = 2147483647;
			files = (
			);
			inputPaths = (
			);
			name = "Copy Pods Resources";
			outputPaths = (
			);
			runOnlyForDeploymentPostprocessing = 0;
			shellPath = /bin/sh;
			shellScript = "\"${SRCROOT}/Pods/Pods-resources.sh\"\n";
			showEnvVarsInLog = 0;
		};
		FD9B1AF2389A46DCAA41E040 /* Check Pods Manifest.lock */ = {
			isa = PBXShellScriptBuildPhase;
			buildActionMask = 2147483647;
			files = (
			);
			inputPaths = (
			);
			name = "Check Pods Manifest.lock";
			outputPaths = (
			);
			runOnlyForDeploymentPostprocessing = 0;
			shellPath = /bin/sh;
			shellScript = "diff \"${PODS_ROOT}/../Podfile.lock\" \"${PODS_ROOT}/Manifest.lock\" > /dev/null\nif [[ $? != 0 ]] ; then\n    cat << EOM\nerror: The sandbox is not in sync with the Podfile.lock. Run 'pod install' or update your CocoaPods installation.\nEOM\n    exit 1\nfi\n";
			showEnvVarsInLog = 0;
		};
/* End PBXShellScriptBuildPhase section */

/* Begin PBXSourcesBuildPhase section */
		F1F8B7FC198E5D9300578D91 /* Sources */ = {
			isa = PBXSourcesBuildPhase;
			buildActionMask = 2147483647;
			files = (
				F10C63C5199EB8B8005328B2 /* BLAboutViewController.m in Sources */,
				F19505F71995CDB800A94FD1 /* BLStyling.m in Sources */,
				F1F8B814198E5D9300578D91 /* BLAppDelegate.m in Sources */,
				F10C63BF199EB88D005328B2 /* BLLevelViewController.m in Sources */,
				F1AD9060199FB7BD0071E256 /* BLDatabaseManager.m in Sources */,
				F10C63C8199EC812005328B2 /* BLJSONDatabase.m in Sources */,
				F112977F19A0DB4700ACE7A2 /* Toast+UIView.m in Sources */,
				F112979119A10DD100ACE7A2 /* BLShoppingOverlayViewController.m in Sources */,
				F1AD9066199FBD530071E256 /* BLUser.m in Sources */,
				F10C63B9199EB863005328B2 /* BLMainViewController.m in Sources */,
				F1F8B810198E5D9300578D91 /* main.m in Sources */,
				F10C63BC199EB878005328B2 /* BLIndexLevelViewController.m in Sources */,
				F1AD9063199FBCFA0071E256 /* BLScore.m in Sources */,
				F1F8B820198E5D9300578D91 /* BLDetailViewController.m in Sources */,
				F1AD9069199FCBD20071E256 /* BLWallet.m in Sources */,
				F1AD906C199FD35D0071E256 /* BLGameManager.m in Sources */,
				F1AD905D199FB6EA0071E256 /* BLLogoStatus.m in Sources */,
				F10C63C2199EB8A0005328B2 /* BLLogoViewController.m in Sources */,
			);
			runOnlyForDeploymentPostprocessing = 0;
		};
		F1F8B823198E5D9300578D91 /* Sources */ = {
			isa = PBXSourcesBuildPhase;
			buildActionMask = 2147483647;
			files = (
				F1F8B835198E5D9300578D91 /* brasilogosTests.m in Sources */,
			);
			runOnlyForDeploymentPostprocessing = 0;
		};
/* End PBXSourcesBuildPhase section */

/* Begin PBXTargetDependency section */
		F1F8B82D198E5D9300578D91 /* PBXTargetDependency */ = {
			isa = PBXTargetDependency;
			target = F1F8B7FF198E5D9300578D91 /* brasilogos */;
			targetProxy = F1F8B82C198E5D9300578D91 /* PBXContainerItemProxy */;
		};
/* End PBXTargetDependency section */

/* Begin PBXVariantGroup section */
		F1F8B80C198E5D9300578D91 /* InfoPlist.strings */ = {
			isa = PBXVariantGroup;
			children = (
				F1F8B80D198E5D9300578D91 /* en */,
			);
			name = InfoPlist.strings;
			sourceTree = "<group>";
		};
		F1F8B815198E5D9300578D91 /* Main_iPhone.storyboard */ = {
			isa = PBXVariantGroup;
			children = (
				F1F8B816198E5D9300578D91 /* Base */,
			);
			name = Main_iPhone.storyboard;
			sourceTree = "<group>";
		};
		F1F8B818198E5D9300578D91 /* Main_iPad.storyboard */ = {
			isa = PBXVariantGroup;
			children = (
				F1F8B819198E5D9300578D91 /* Base */,
			);
			name = Main_iPad.storyboard;
			sourceTree = "<group>";
		};
		F1F8B831198E5D9300578D91 /* InfoPlist.strings */ = {
			isa = PBXVariantGroup;
			children = (
				F1F8B832198E5D9300578D91 /* en */,
			);
			name = InfoPlist.strings;
			sourceTree = "<group>";
		};
/* End PBXVariantGroup section */

/* Begin XCBuildConfiguration section */
		F1F8B836198E5D9300578D91 /* Debug */ = {
			isa = XCBuildConfiguration;
			buildSettings = {
				ALWAYS_SEARCH_USER_PATHS = NO;
				CLANG_CXX_LANGUAGE_STANDARD = "gnu++0x";
				CLANG_CXX_LIBRARY = "libc++";
				CLANG_ENABLE_MODULES = YES;
				CLANG_ENABLE_OBJC_ARC = YES;
				CLANG_WARN_BOOL_CONVERSION = YES;
				CLANG_WARN_CONSTANT_CONVERSION = YES;
				CLANG_WARN_DIRECT_OBJC_ISA_USAGE = YES_ERROR;
				CLANG_WARN_EMPTY_BODY = YES;
				CLANG_WARN_ENUM_CONVERSION = YES;
				CLANG_WARN_INT_CONVERSION = YES;
				CLANG_WARN_OBJC_ROOT_CLASS = YES_ERROR;
				CLANG_WARN__DUPLICATE_METHOD_MATCH = YES;
				"CODE_SIGN_IDENTITY[sdk=iphoneos*]" = "iPhone Developer";
				COPY_PHASE_STRIP = NO;
				GCC_C_LANGUAGE_STANDARD = gnu99;
				GCC_DYNAMIC_NO_PIC = NO;
				GCC_OPTIMIZATION_LEVEL = 0;
				GCC_PREPROCESSOR_DEFINITIONS = (
					"DEBUG=1",
					"$(inherited)",
				);
				GCC_SYMBOLS_PRIVATE_EXTERN = NO;
				GCC_WARN_64_TO_32_BIT_CONVERSION = YES;
				GCC_WARN_ABOUT_RETURN_TYPE = YES_ERROR;
				GCC_WARN_UNDECLARED_SELECTOR = YES;
				GCC_WARN_UNINITIALIZED_AUTOS = YES_AGGRESSIVE;
				GCC_WARN_UNUSED_FUNCTION = YES;
				GCC_WARN_UNUSED_VARIABLE = YES;
				IPHONEOS_DEPLOYMENT_TARGET = 7.0;
				ONLY_ACTIVE_ARCH = YES;
				SDKROOT = iphoneos;
				TARGETED_DEVICE_FAMILY = "1,2";
			};
			name = Debug;
		};
		F1F8B837198E5D9300578D91 /* Release */ = {
			isa = XCBuildConfiguration;
			buildSettings = {
				ALWAYS_SEARCH_USER_PATHS = NO;
				CLANG_CXX_LANGUAGE_STANDARD = "gnu++0x";
				CLANG_CXX_LIBRARY = "libc++";
				CLANG_ENABLE_MODULES = YES;
				CLANG_ENABLE_OBJC_ARC = YES;
				CLANG_WARN_BOOL_CONVERSION = YES;
				CLANG_WARN_CONSTANT_CONVERSION = YES;
				CLANG_WARN_DIRECT_OBJC_ISA_USAGE = YES_ERROR;
				CLANG_WARN_EMPTY_BODY = YES;
				CLANG_WARN_ENUM_CONVERSION = YES;
				CLANG_WARN_INT_CONVERSION = YES;
				CLANG_WARN_OBJC_ROOT_CLASS = YES_ERROR;
				CLANG_WARN__DUPLICATE_METHOD_MATCH = YES;
				"CODE_SIGN_IDENTITY[sdk=iphoneos*]" = "iPhone Developer";
				COPY_PHASE_STRIP = YES;
				ENABLE_NS_ASSERTIONS = NO;
				GCC_C_LANGUAGE_STANDARD = gnu99;
				GCC_WARN_64_TO_32_BIT_CONVERSION = YES;
				GCC_WARN_ABOUT_RETURN_TYPE = YES_ERROR;
				GCC_WARN_UNDECLARED_SELECTOR = YES;
				GCC_WARN_UNINITIALIZED_AUTOS = YES_AGGRESSIVE;
				GCC_WARN_UNUSED_FUNCTION = YES;
				GCC_WARN_UNUSED_VARIABLE = YES;
				IPHONEOS_DEPLOYMENT_TARGET = 7.0;
				SDKROOT = iphoneos;
				TARGETED_DEVICE_FAMILY = "1,2";
				VALIDATE_PRODUCT = YES;
			};
			name = Release;
		};
		F1F8B839198E5D9300578D91 /* Debug */ = {
			isa = XCBuildConfiguration;
			baseConfigurationReference = E7A8360C6337441A8304F6C2 /* Pods.xcconfig */;
			buildSettings = {
				ASSETCATALOG_COMPILER_APPICON_NAME = AppIcon;
				ASSETCATALOG_COMPILER_LAUNCHIMAGE_NAME = LaunchImage;
				CODE_SIGN_IDENTITY = "iPhone Developer";
				GCC_PRECOMPILE_PREFIX_HEADER = YES;
				GCC_PREFIX_HEADER = "brasilogos/brasilogos-Prefix.pch";
				INFOPLIST_FILE = "brasilogos/brasilogos-Info.plist";
				IPHONEOS_DEPLOYMENT_TARGET = 7.0;
				PRODUCT_NAME = "$(TARGET_NAME)";
				WRAPPER_EXTENSION = app;
			};
			name = Debug;
		};
		F1F8B83A198E5D9300578D91 /* Release */ = {
			isa = XCBuildConfiguration;
			baseConfigurationReference = E7A8360C6337441A8304F6C2 /* Pods.xcconfig */;
			buildSettings = {
				ASSETCATALOG_COMPILER_APPICON_NAME = AppIcon;
				ASSETCATALOG_COMPILER_LAUNCHIMAGE_NAME = LaunchImage;
				CODE_SIGN_IDENTITY = "iPhone Developer";
				GCC_PRECOMPILE_PREFIX_HEADER = YES;
				GCC_PREFIX_HEADER = "brasilogos/brasilogos-Prefix.pch";
				INFOPLIST_FILE = "brasilogos/brasilogos-Info.plist";
				IPHONEOS_DEPLOYMENT_TARGET = 7.0;
				PRODUCT_NAME = "$(TARGET_NAME)";
				WRAPPER_EXTENSION = app;
			};
			name = Release;
		};
		F1F8B83C198E5D9300578D91 /* Debug */ = {
			isa = XCBuildConfiguration;
			buildSettings = {
				BUNDLE_LOADER = "$(BUILT_PRODUCTS_DIR)/brasilogos.app/brasilogos";
				FRAMEWORK_SEARCH_PATHS = (
					"$(SDKROOT)/Developer/Library/Frameworks",
					"$(inherited)",
					"$(DEVELOPER_FRAMEWORKS_DIR)",
				);
				GCC_PRECOMPILE_PREFIX_HEADER = YES;
				GCC_PREFIX_HEADER = "brasilogos/brasilogos-Prefix.pch";
				GCC_PREPROCESSOR_DEFINITIONS = (
					"DEBUG=1",
					"$(inherited)",
				);
				INFOPLIST_FILE = "brasilogosTests/brasilogosTests-Info.plist";
				PRODUCT_NAME = "$(TARGET_NAME)";
				TEST_HOST = "$(BUNDLE_LOADER)";
				WRAPPER_EXTENSION = xctest;
			};
			name = Debug;
		};
		F1F8B83D198E5D9300578D91 /* Release */ = {
			isa = XCBuildConfiguration;
			buildSettings = {
				BUNDLE_LOADER = "$(BUILT_PRODUCTS_DIR)/brasilogos.app/brasilogos";
				FRAMEWORK_SEARCH_PATHS = (
					"$(SDKROOT)/Developer/Library/Frameworks",
					"$(inherited)",
					"$(DEVELOPER_FRAMEWORKS_DIR)",
				);
				GCC_PRECOMPILE_PREFIX_HEADER = YES;
				GCC_PREFIX_HEADER = "brasilogos/brasilogos-Prefix.pch";
				INFOPLIST_FILE = "brasilogosTests/brasilogosTests-Info.plist";
				PRODUCT_NAME = "$(TARGET_NAME)";
				TEST_HOST = "$(BUNDLE_LOADER)";
				WRAPPER_EXTENSION = xctest;
			};
			name = Release;
		};
/* End XCBuildConfiguration section */

/* Begin XCConfigurationList section */
		F1F8B7FB198E5D9200578D91 /* Build configuration list for PBXProject "brasilogos" */ = {
			isa = XCConfigurationList;
			buildConfigurations = (
				F1F8B836198E5D9300578D91 /* Debug */,
				F1F8B837198E5D9300578D91 /* Release */,
			);
			defaultConfigurationIsVisible = 0;
			defaultConfigurationName = Release;
		};
		F1F8B838198E5D9300578D91 /* Build configuration list for PBXNativeTarget "brasilogos" */ = {
			isa = XCConfigurationList;
			buildConfigurations = (
				F1F8B839198E5D9300578D91 /* Debug */,
				F1F8B83A198E5D9300578D91 /* Release */,
			);
			defaultConfigurationIsVisible = 0;
			defaultConfigurationName = Release;
		};
		F1F8B83B198E5D9300578D91 /* Build configuration list for PBXNativeTarget "brasilogosTests" */ = {
			isa = XCConfigurationList;
			buildConfigurations = (
				F1F8B83C198E5D9300578D91 /* Debug */,
				F1F8B83D198E5D9300578D91 /* Release */,
			);
			defaultConfigurationIsVisible = 0;
			defaultConfigurationName = Release;
		};
/* End XCConfigurationList section */
	};
	rootObject = F1F8B7F8198E5D9200578D91 /* Project object */;
}
