PODS:
  - Crashlytics (3.9.0):
    - Fabric (~> 1.7.0)
  - Fabric (1.7.0)
  - Firebase (4.4.0):
    - Firebase/Core (= 4.4.0)
  - Firebase/AdMob (4.4.0):
    - Firebase/Core
    - Google-Mobile-Ads-SDK (= 7.24.1)
  - Firebase/Core (4.4.0):
    - FirebaseAnalytics (= 4.0.4)
    - FirebaseCore (= 4.0.9)
  - FirebaseAnalytics (4.0.4):
    - FirebaseCore (~> 4.0)
    - FirebaseInstanceID (~> 2.0)
    - "GoogleToolboxForMac/NSData+zlib (~> 2.1)"
    - nanopb (~> 0.3)
  - FirebaseCore (4.0.9):
    - "GoogleToolboxForMac/NSData+zlib (~> 2.1)"
    - nanopb (~> 0.3)
  - FirebaseInstanceID (2.0.5)
  - Flurry-iOS-SDK/FlurrySDK (8.3.0)
  - Google-Mobile-Ads-SDK (7.24.1)
  - GoogleToolboxForMac/Defines (2.1.3)
  - "GoogleToolboxForMac/NSData+zlib (2.1.3)":
    - GoogleToolboxForMac/Defines (= 2.1.3)
  - nanopb (0.3.8):
    - nanopb/decode (= 0.3.8)
    - nanopb/encode (= 0.3.8)
  - nanopb/decode (0.3.8)
  - nanopb/encode (0.3.8)
  - Slash (0.1.4)
  - SwiftLint (0.25.1)

DEPENDENCIES:
  - Crashlytics
  - Fabric
  - Firebase
  - Firebase/AdMob
  - Firebase/Core
  - Flurry-iOS-SDK/FlurrySDK
  - Slash
  - SwiftLint

SPEC REPOS:
  https://github.com/cocoapods/specs.git:
    - Crashlytics
    - Fabric
    - Firebase
    - FirebaseAnalytics
    - FirebaseCore
    - FirebaseInstanceID
    - Flurry-iOS-SDK
    - Google-Mobile-Ads-SDK
    - GoogleToolboxForMac
    - nanopb
    - Slash
    - SwiftLint

SPEC CHECKSUMS:
  Crashlytics: 64aad5dd97249dd3ff94b979fea140144590cdd3
  Fabric: e6be012366472553807dada21243c5ab8d904151
  Firebase: 3e92884a63e8f76d107c43a67d2ab9071e1eda10
  FirebaseAnalytics: 722b53c7b32bfc7806b06e0093a2f5180d4f2c5a
  FirebaseCore: ebe73f64302705e693b1de9919a76edbdd17a19d
  FirebaseInstanceID: f2b688c66b972f30d7fa9f5f9f91455454a03b47
  Flurry-iOS-SDK: bd60421d26f3826edd1686770673f7b65990c057
  Google-Mobile-Ads-SDK: ed8004a7265b424568dc84f3d2bbe3ea3fff958f
  GoogleToolboxForMac: 2501e2ad72a52eb3dfe7bd9aee7dad11b858bd20
  nanopb: 5601e6bca2dbf1ed831b519092ec110f66982ca3
  Slash: 7184f2a98e13ad62303037db3a706c88e98b197e
  SwiftLint: ce933681be10c3266e82576dad676fa815a602e9

PODFILE CHECKSUM: f2ad16b08daba51709d0c4ea7eb18131f5dc5a84

COCOAPODS: 1.5.3
